// !$*UTF8*$!
{
	archiveVersion = 1;
	classes = {
	};
	objectVersion = 48;
	objects = {

/* Begin PBXBuildFile section */
		18247EB0E81DE654620F7B50 /* Pods_CoreMath_Example.framework in Frameworks */ = {isa = PBXBuildFile; fileRef = B472F2F0EFC7700A9D8125E1 /* Pods_CoreMath_Example.framework */; };
		9B304307205C84CE00C4F4B5 /* CustomFourierPlotView.swift in Sources */ = {isa = PBXBuildFile; fileRef = 9B3042FB205C84CD00C4F4B5 /* CustomFourierPlotView.swift */; };
		9B304308205C84CE00C4F4B5 /* CustomFourierPlotViewController.swift in Sources */ = {isa = PBXBuildFile; fileRef = 9B3042FC205C84CD00C4F4B5 /* CustomFourierPlotViewController.swift */; };
		9B304309205C84CE00C4F4B5 /* CustomPlotViewController.swift in Sources */ = {isa = PBXBuildFile; fileRef = 9B3042FE205C84CD00C4F4B5 /* CustomPlotViewController.swift */; };
		9B30430A205C84CE00C4F4B5 /* CustomPlotView.swift in Sources */ = {isa = PBXBuildFile; fileRef = 9B3042FF205C84CD00C4F4B5 /* CustomPlotView.swift */; };
		9B30430B205C84CE00C4F4B5 /* PlotViewController.swift in Sources */ = {isa = PBXBuildFile; fileRef = 9B304301205C84CD00C4F4B5 /* PlotViewController.swift */; };
		9B30430C205C84CE00C4F4B5 /* PlotView.swift in Sources */ = {isa = PBXBuildFile; fileRef = 9B304302205C84CD00C4F4B5 /* PlotView.swift */; };
		9B30430E205C84CE00C4F4B5 /* SamplingRangeView.swift in Sources */ = {isa = PBXBuildFile; fileRef = 9B304304205C84CD00C4F4B5 /* SamplingRangeView.swift */; };
		9B30430F205C84CE00C4F4B5 /* FunctionPlotDataSource.swift in Sources */ = {isa = PBXBuildFile; fileRef = 9B304305205C84CE00C4F4B5 /* FunctionPlotDataSource.swift */; };
		9B304310205C84CE00C4F4B5 /* PlotWindow.swift in Sources */ = {isa = PBXBuildFile; fileRef = 9B304306205C84CE00C4F4B5 /* PlotWindow.swift */; };
		9B304317205C859700C4F4B5 /* NSTextField.swift in Sources */ = {isa = PBXBuildFile; fileRef = 9B304312205C859700C4F4B5 /* NSTextField.swift */; };
		9B304318205C859700C4F4B5 /* NSMenu.swift in Sources */ = {isa = PBXBuildFile; fileRef = 9B304313205C859700C4F4B5 /* NSMenu.swift */; };
		9B304319205C859700C4F4B5 /* NSStackView.swift in Sources */ = {isa = PBXBuildFile; fileRef = 9B304314205C859700C4F4B5 /* NSStackView.swift */; };
		9B30431A205C859700C4F4B5 /* NSView.swift in Sources */ = {isa = PBXBuildFile; fileRef = 9B304315205C859700C4F4B5 /* NSView.swift */; };
		9B30431B205C859700C4F4B5 /* ApplicationDelegate.swift in Sources */ = {isa = PBXBuildFile; fileRef = 9B304316205C859700C4F4B5 /* ApplicationDelegate.swift */; };
		9B304320205C85B300C4F4B5 /* CGSize.swift in Sources */ = {isa = PBXBuildFile; fileRef = 9B30431D205C85B200C4F4B5 /* CGSize.swift */; };
		9B304321205C85B300C4F4B5 /* CGRect.swift in Sources */ = {isa = PBXBuildFile; fileRef = 9B30431E205C85B200C4F4B5 /* CGRect.swift */; };
		9B304322205C85B300C4F4B5 /* CGColor.swift in Sources */ = {isa = PBXBuildFile; fileRef = 9B30431F205C85B200C4F4B5 /* CGColor.swift */; };
		D5BB1CA2BD3D5A3147CBC813 /* Pods_CoreMath_Tests.framework in Frameworks */ = {isa = PBXBuildFile; fileRef = 1D31F26BF0AE9765F1E26D19 /* Pods_CoreMath_Tests.framework */; };
		ED83F67C20348A760038D96B /* AppDelegate.swift in Sources */ = {isa = PBXBuildFile; fileRef = ED83F67B20348A760038D96B /* AppDelegate.swift */; };
		ED83F67E20348A760038D96B /* ViewController.swift in Sources */ = {isa = PBXBuildFile; fileRef = ED83F67D20348A760038D96B /* ViewController.swift */; };
		ED83F68020348A760038D96B /* Assets.xcassets in Resources */ = {isa = PBXBuildFile; fileRef = ED83F67F20348A760038D96B /* Assets.xcassets */; };
		ED83F68320348A760038D96B /* Main.storyboard in Resources */ = {isa = PBXBuildFile; fileRef = ED83F68120348A760038D96B /* Main.storyboard */; };
		ED83F68F20348A760038D96B /* Tests.swift in Sources */ = {isa = PBXBuildFile; fileRef = ED83F68E20348A760038D96B /* Tests.swift */; };
/* End PBXBuildFile section */

/* Begin PBXContainerItemProxy section */
		ED83F68B20348A760038D96B /* PBXContainerItemProxy */ = {
			isa = PBXContainerItemProxy;
			containerPortal = ED83F67020348A760038D96B /* Project object */;
			proxyType = 1;
			remoteGlobalIDString = ED83F67720348A760038D96B;
			remoteInfo = CoreMath;
		};
/* End PBXContainerItemProxy section */

/* Begin PBXFileReference section */
		0083FFD7761F12ADA0DDB9F1 /* LICENSE */ = {isa = PBXFileReference; includeInIndex = 1; lastKnownFileType = text; name = LICENSE; path = ../LICENSE; sourceTree = "<group>"; };
		072122BA1932C5C6DA72352A /* Pods-CoreMath_Tests.debug.xcconfig */ = {isa = PBXFileReference; includeInIndex = 1; lastKnownFileType = text.xcconfig; name = "Pods-CoreMath_Tests.debug.xcconfig"; path = "Pods/Target Support Files/Pods-CoreMath_Tests/Pods-CoreMath_Tests.debug.xcconfig"; sourceTree = "<group>"; };
		1D31F26BF0AE9765F1E26D19 /* Pods_CoreMath_Tests.framework */ = {isa = PBXFileReference; explicitFileType = wrapper.framework; includeInIndex = 0; path = Pods_CoreMath_Tests.framework; sourceTree = BUILT_PRODUCTS_DIR; };
		20AA309B98D58F9A00CEBAA3 /* Pods-CoreMath_Example.debug.xcconfig */ = {isa = PBXFileReference; includeInIndex = 1; lastKnownFileType = text.xcconfig; name = "Pods-CoreMath_Example.debug.xcconfig"; path = "Pods/Target Support Files/Pods-CoreMath_Example/Pods-CoreMath_Example.debug.xcconfig"; sourceTree = "<group>"; };
		9A6CD5AC1AFF5D7F23DA9C85 /* CoreMath.podspec */ = {isa = PBXFileReference; includeInIndex = 1; lastKnownFileType = text; name = CoreMath.podspec; path = ../CoreMath.podspec; sourceTree = "<group>"; };
		9B3042FB205C84CD00C4F4B5 /* CustomFourierPlotView.swift */ = {isa = PBXFileReference; fileEncoding = 4; lastKnownFileType = sourcecode.swift; path = CustomFourierPlotView.swift; sourceTree = "<group>"; };
		9B3042FC205C84CD00C4F4B5 /* CustomFourierPlotViewController.swift */ = {isa = PBXFileReference; fileEncoding = 4; lastKnownFileType = sourcecode.swift; path = CustomFourierPlotViewController.swift; sourceTree = "<group>"; };
		9B3042FE205C84CD00C4F4B5 /* CustomPlotViewController.swift */ = {isa = PBXFileReference; fileEncoding = 4; lastKnownFileType = sourcecode.swift; path = CustomPlotViewController.swift; sourceTree = "<group>"; };
		9B3042FF205C84CD00C4F4B5 /* CustomPlotView.swift */ = {isa = PBXFileReference; fileEncoding = 4; lastKnownFileType = sourcecode.swift; path = CustomPlotView.swift; sourceTree = "<group>"; };
		9B304301205C84CD00C4F4B5 /* PlotViewController.swift */ = {isa = PBXFileReference; fileEncoding = 4; lastKnownFileType = sourcecode.swift; path = PlotViewController.swift; sourceTree = "<group>"; };
		9B304302205C84CD00C4F4B5 /* PlotView.swift */ = {isa = PBXFileReference; fileEncoding = 4; lastKnownFileType = sourcecode.swift; path = PlotView.swift; sourceTree = "<group>"; };
		9B304304205C84CD00C4F4B5 /* SamplingRangeView.swift */ = {isa = PBXFileReference; fileEncoding = 4; lastKnownFileType = sourcecode.swift; path = SamplingRangeView.swift; sourceTree = "<group>"; };
		9B304305205C84CE00C4F4B5 /* FunctionPlotDataSource.swift */ = {isa = PBXFileReference; fileEncoding = 4; lastKnownFileType = sourcecode.swift; path = FunctionPlotDataSource.swift; sourceTree = "<group>"; };
		9B304306205C84CE00C4F4B5 /* PlotWindow.swift */ = {isa = PBXFileReference; fileEncoding = 4; lastKnownFileType = sourcecode.swift; path = PlotWindow.swift; sourceTree = "<group>"; };
		9B304312205C859700C4F4B5 /* NSTextField.swift */ = {isa = PBXFileReference; fileEncoding = 4; lastKnownFileType = sourcecode.swift; path = NSTextField.swift; sourceTree = "<group>"; };
		9B304313205C859700C4F4B5 /* NSMenu.swift */ = {isa = PBXFileReference; fileEncoding = 4; lastKnownFileType = sourcecode.swift; path = NSMenu.swift; sourceTree = "<group>"; };
		9B304314205C859700C4F4B5 /* NSStackView.swift */ = {isa = PBXFileReference; fileEncoding = 4; lastKnownFileType = sourcecode.swift; path = NSStackView.swift; sourceTree = "<group>"; };
		9B304315205C859700C4F4B5 /* NSView.swift */ = {isa = PBXFileReference; fileEncoding = 4; lastKnownFileType = sourcecode.swift; path = NSView.swift; sourceTree = "<group>"; };
		9B304316205C859700C4F4B5 /* ApplicationDelegate.swift */ = {isa = PBXFileReference; fileEncoding = 4; lastKnownFileType = sourcecode.swift; path = ApplicationDelegate.swift; sourceTree = "<group>"; };
		9B30431D205C85B200C4F4B5 /* CGSize.swift */ = {isa = PBXFileReference; fileEncoding = 4; lastKnownFileType = sourcecode.swift; path = CGSize.swift; sourceTree = "<group>"; };
		9B30431E205C85B200C4F4B5 /* CGRect.swift */ = {isa = PBXFileReference; fileEncoding = 4; lastKnownFileType = sourcecode.swift; path = CGRect.swift; sourceTree = "<group>"; };
		9B30431F205C85B200C4F4B5 /* CGColor.swift */ = {isa = PBXFileReference; fileEncoding = 4; lastKnownFileType = sourcecode.swift; path = CGColor.swift; sourceTree = "<group>"; };
		A0EDC0B6CF06F0B6D58C5154 /* Pods-CoreMath_Example.release.xcconfig */ = {isa = PBXFileReference; includeInIndex = 1; lastKnownFileType = text.xcconfig; name = "Pods-CoreMath_Example.release.xcconfig"; path = "Pods/Target Support Files/Pods-CoreMath_Example/Pods-CoreMath_Example.release.xcconfig"; sourceTree = "<group>"; };
		B18FAA099BBF0080ECFAB73A /* Pods-CoreMath_Tests.release.xcconfig */ = {isa = PBXFileReference; includeInIndex = 1; lastKnownFileType = text.xcconfig; name = "Pods-CoreMath_Tests.release.xcconfig"; path = "Pods/Target Support Files/Pods-CoreMath_Tests/Pods-CoreMath_Tests.release.xcconfig"; sourceTree = "<group>"; };
		B472F2F0EFC7700A9D8125E1 /* Pods_CoreMath_Example.framework */ = {isa = PBXFileReference; explicitFileType = wrapper.framework; includeInIndex = 0; path = Pods_CoreMath_Example.framework; sourceTree = BUILT_PRODUCTS_DIR; };
		ED83F67820348A760038D96B /* CoreMath_Example.app */ = {isa = PBXFileReference; explicitFileType = wrapper.application; includeInIndex = 0; path = CoreMath_Example.app; sourceTree = BUILT_PRODUCTS_DIR; };
		ED83F67B20348A760038D96B /* AppDelegate.swift */ = {isa = PBXFileReference; lastKnownFileType = sourcecode.swift; path = AppDelegate.swift; sourceTree = "<group>"; };
		ED83F67D20348A760038D96B /* ViewController.swift */ = {isa = PBXFileReference; lastKnownFileType = sourcecode.swift; path = ViewController.swift; sourceTree = "<group>"; };
		ED83F67F20348A760038D96B /* Assets.xcassets */ = {isa = PBXFileReference; lastKnownFileType = folder.assetcatalog; path = Assets.xcassets; sourceTree = "<group>"; };
		ED83F68220348A760038D96B /* Base */ = {isa = PBXFileReference; lastKnownFileType = file.storyboard; name = Base; path = Base.lproj/Main.storyboard; sourceTree = "<group>"; };
		ED83F68420348A760038D96B /* Info.plist */ = {isa = PBXFileReference; lastKnownFileType = text.plist.xml; path = Info.plist; sourceTree = "<group>"; };
		ED83F68520348A760038D96B /* CoreMath.entitlements */ = {isa = PBXFileReference; lastKnownFileType = text.plist.entitlements; path = CoreMath.entitlements; sourceTree = "<group>"; };
		ED83F68A20348A760038D96B /* CoreMath_Tests.xctest */ = {isa = PBXFileReference; explicitFileType = wrapper.cfbundle; includeInIndex = 0; path = CoreMath_Tests.xctest; sourceTree = BUILT_PRODUCTS_DIR; };
		ED83F68E20348A760038D96B /* Tests.swift */ = {isa = PBXFileReference; lastKnownFileType = sourcecode.swift; path = Tests.swift; sourceTree = "<group>"; };
		ED83F69020348A760038D96B /* Info.plist */ = {isa = PBXFileReference; lastKnownFileType = text.plist.xml; path = Info.plist; sourceTree = "<group>"; };
		F32302EC53FD1F24204CC030 /* README.md */ = {isa = PBXFileReference; includeInIndex = 1; lastKnownFileType = net.daringfireball.markdown; name = README.md; path = ../README.md; sourceTree = "<group>"; };
/* End PBXFileReference section */

/* Begin PBXFrameworksBuildPhase section */
		ED83F67520348A760038D96B /* Frameworks */ = {
			isa = PBXFrameworksBuildPhase;
			buildActionMask = 2147483647;
			files = (
				18247EB0E81DE654620F7B50 /* Pods_CoreMath_Example.framework in Frameworks */,
			);
			runOnlyForDeploymentPostprocessing = 0;
		};
		ED83F68720348A760038D96B /* Frameworks */ = {
			isa = PBXFrameworksBuildPhase;
			buildActionMask = 2147483647;
			files = (
				D5BB1CA2BD3D5A3147CBC813 /* Pods_CoreMath_Tests.framework in Frameworks */,
			);
			runOnlyForDeploymentPostprocessing = 0;
		};
/* End PBXFrameworksBuildPhase section */

/* Begin PBXGroup section */
		5ABA54A971ACBC0EF4B66984 /* Frameworks */ = {
			isa = PBXGroup;
			children = (
				B472F2F0EFC7700A9D8125E1 /* Pods_CoreMath_Example.framework */,
				1D31F26BF0AE9765F1E26D19 /* Pods_CoreMath_Tests.framework */,
			);
			name = Frameworks;
			sourceTree = "<group>";
		};
		9B3042FA205C84CD00C4F4B5 /* FourierPlotView */ = {
			isa = PBXGroup;
			children = (
				9B3042FB205C84CD00C4F4B5 /* CustomFourierPlotView.swift */,
				9B3042FC205C84CD00C4F4B5 /* CustomFourierPlotViewController.swift */,
			);
			path = FourierPlotView;
			sourceTree = "<group>";
		};
		9B3042FD205C84CD00C4F4B5 /* InterpolationPlotView */ = {
			isa = PBXGroup;
			children = (
				9B3042FE205C84CD00C4F4B5 /* CustomPlotViewController.swift */,
				9B3042FF205C84CD00C4F4B5 /* CustomPlotView.swift */,
			);
			path = InterpolationPlotView;
			sourceTree = "<group>";
		};
		9B304300205C84CD00C4F4B5 /* PlotView */ = {
			isa = PBXGroup;
			children = (
				9B304301205C84CD00C4F4B5 /* PlotViewController.swift */,
				9B304302205C84CD00C4F4B5 /* PlotView.swift */,
			);
			path = PlotView;
			sourceTree = "<group>";
		};
		9B304311205C859700C4F4B5 /* Cocoa */ = {
			isa = PBXGroup;
			children = (
				9B304312205C859700C4F4B5 /* NSTextField.swift */,
				9B304313205C859700C4F4B5 /* NSMenu.swift */,
				9B304314205C859700C4F4B5 /* NSStackView.swift */,
				9B304315205C859700C4F4B5 /* NSView.swift */,
				9B304316205C859700C4F4B5 /* ApplicationDelegate.swift */,
			);
			path = Cocoa;
			sourceTree = "<group>";
		};
		9B30431C205C85B200C4F4B5 /* CoreGraphics */ = {
			isa = PBXGroup;
			children = (
				9B30431D205C85B200C4F4B5 /* CGSize.swift */,
				9B30431E205C85B200C4F4B5 /* CGRect.swift */,
				9B30431F205C85B200C4F4B5 /* CGColor.swift */,
			);
			path = CoreGraphics;
			sourceTree = "<group>";
		};
		A06285E1D9DF2E6EEF56623B /* Pods */ = {
			isa = PBXGroup;
			children = (
				20AA309B98D58F9A00CEBAA3 /* Pods-CoreMath_Example.debug.xcconfig */,
				A0EDC0B6CF06F0B6D58C5154 /* Pods-CoreMath_Example.release.xcconfig */,
				072122BA1932C5C6DA72352A /* Pods-CoreMath_Tests.debug.xcconfig */,
				B18FAA099BBF0080ECFAB73A /* Pods-CoreMath_Tests.release.xcconfig */,
			);
			name = Pods;
			sourceTree = "<group>";
		};
		ED83F66F20348A760038D96B = {
			isa = PBXGroup;
			children = (
				ED83F69A20348B650038D96B /* Podspec Metadata */,
				ED83F67A20348A760038D96B /* CoreMath */,
				ED83F68D20348A760038D96B /* Tests */,
				ED83F67920348A760038D96B /* Products */,
				A06285E1D9DF2E6EEF56623B /* Pods */,
				5ABA54A971ACBC0EF4B66984 /* Frameworks */,
			);
			sourceTree = "<group>";
		};
		ED83F67920348A760038D96B /* Products */ = {
			isa = PBXGroup;
			children = (
				ED83F67820348A760038D96B /* CoreMath_Example.app */,
				ED83F68A20348A760038D96B /* CoreMath_Tests.xctest */,
			);
			name = Products;
			sourceTree = "<group>";
		};
		ED83F67A20348A760038D96B /* CoreMath */ = {
			isa = PBXGroup;
			children = (
				ED83F67B20348A760038D96B /* AppDelegate.swift */,
				ED83F67D20348A760038D96B /* ViewController.swift */,
				9B3042FA205C84CD00C4F4B5 /* FourierPlotView */,
				9B304305205C84CE00C4F4B5 /* FunctionPlotDataSource.swift */,
				9B3042FD205C84CD00C4F4B5 /* InterpolationPlotView */,
				9B304300205C84CD00C4F4B5 /* PlotView */,
				9B304306205C84CE00C4F4B5 /* PlotWindow.swift */,
				9B304304205C84CD00C4F4B5 /* SamplingRangeView.swift */,
				9B30431C205C85B200C4F4B5 /* CoreGraphics */,
				9B304311205C859700C4F4B5 /* Cocoa */,
				ED83F67F20348A760038D96B /* Assets.xcassets */,
				ED83F68120348A760038D96B /* Main.storyboard */,
				ED83F68420348A760038D96B /* Info.plist */,
				ED83F68520348A760038D96B /* CoreMath.entitlements */,
			);
			path = CoreMath;
			sourceTree = "<group>";
		};
		ED83F68D20348A760038D96B /* Tests */ = {
			isa = PBXGroup;
			children = (
				ED83F68E20348A760038D96B /* Tests.swift */,
				ED83F69020348A760038D96B /* Info.plist */,
			);
			path = Tests;
			sourceTree = "<group>";
		};
		ED83F69A20348B650038D96B /* Podspec Metadata */ = {
			isa = PBXGroup;
			children = (
				9A6CD5AC1AFF5D7F23DA9C85 /* CoreMath.podspec */,
				F32302EC53FD1F24204CC030 /* README.md */,
				0083FFD7761F12ADA0DDB9F1 /* LICENSE */,
			);
			name = "Podspec Metadata";
			sourceTree = "<group>";
		};
/* End PBXGroup section */

/* Begin PBXNativeTarget section */
		ED83F67720348A760038D96B /* CoreMath_Example */ = {
			isa = PBXNativeTarget;
			buildConfigurationList = ED83F69320348A760038D96B /* Build configuration list for PBXNativeTarget "CoreMath_Example" */;
			buildPhases = (
				C16E3A411C77E91374C4B8C3 /* [CP] Check Pods Manifest.lock */,
				ED83F67420348A760038D96B /* Sources */,
				ED83F67520348A760038D96B /* Frameworks */,
				ED83F67620348A760038D96B /* Resources */,
				9B60065076577BE996C0FFB3 /* [CP] Embed Pods Frameworks */,
				F47A27DF06182098BA19F582 /* [CP] Copy Pods Resources */,
			);
			buildRules = (
			);
			dependencies = (
			);
			name = CoreMath_Example;
			productName = CoreMath;
			productReference = ED83F67820348A760038D96B /* CoreMath_Example.app */;
			productType = "com.apple.product-type.application";
		};
		ED83F68920348A760038D96B /* CoreMath_Tests */ = {
			isa = PBXNativeTarget;
			buildConfigurationList = ED83F69620348A760038D96B /* Build configuration list for PBXNativeTarget "CoreMath_Tests" */;
			buildPhases = (
				8A4DC7761AB018576B17D79B /* [CP] Check Pods Manifest.lock */,
				ED83F68620348A760038D96B /* Sources */,
				ED83F68720348A760038D96B /* Frameworks */,
				ED83F68820348A760038D96B /* Resources */,
				64128D9E969E79A9F1E589D0 /* [CP] Embed Pods Frameworks */,
				16EF01E80621D4829E058F6E /* [CP] Copy Pods Resources */,
			);
			buildRules = (
			);
			dependencies = (
				ED83F68C20348A760038D96B /* PBXTargetDependency */,
			);
			name = CoreMath_Tests;
			productName = CoreMathTests;
			productReference = ED83F68A20348A760038D96B /* CoreMath_Tests.xctest */;
			productType = "com.apple.product-type.bundle.unit-test";
		};
/* End PBXNativeTarget section */

/* Begin PBXProject section */
		ED83F67020348A760038D96B /* Project object */ = {
			isa = PBXProject;
			attributes = {
				LastSwiftUpdateCheck = 0900;
				LastUpgradeCheck = 0900;
				ORGANIZATIONNAME = CocoaPods;
				TargetAttributes = {
					ED83F67720348A760038D96B = {
						CreatedOnToolsVersion = 9.0;
						ProvisioningStyle = Automatic;
					};
					ED83F68920348A760038D96B = {
						CreatedOnToolsVersion = 9.0;
						ProvisioningStyle = Automatic;
						TestTargetID = ED83F67720348A760038D96B;
					};
				};
			};
			buildConfigurationList = ED83F67320348A760038D96B /* Build configuration list for PBXProject "CoreMath" */;
			compatibilityVersion = "Xcode 8.0";
			developmentRegion = en;
			hasScannedForEncodings = 0;
			knownRegions = (
				en,
				Base,
			);
			mainGroup = ED83F66F20348A760038D96B;
			productRefGroup = ED83F67920348A760038D96B /* Products */;
			projectDirPath = "";
			projectRoot = "";
			targets = (
				ED83F67720348A760038D96B /* CoreMath_Example */,
				ED83F68920348A760038D96B /* CoreMath_Tests */,
			);
		};
/* End PBXProject section */

/* Begin PBXResourcesBuildPhase section */
		ED83F67620348A760038D96B /* Resources */ = {
			isa = PBXResourcesBuildPhase;
			buildActionMask = 2147483647;
			files = (
				ED83F68020348A760038D96B /* Assets.xcassets in Resources */,
				ED83F68320348A760038D96B /* Main.storyboard in Resources */,
			);
			runOnlyForDeploymentPostprocessing = 0;
		};
		ED83F68820348A760038D96B /* Resources */ = {
			isa = PBXResourcesBuildPhase;
			buildActionMask = 2147483647;
			files = (
			);
			runOnlyForDeploymentPostprocessing = 0;
		};
/* End PBXResourcesBuildPhase section */

/* Begin PBXShellScriptBuildPhase section */
		16EF01E80621D4829E058F6E /* [CP] Copy Pods Resources */ = {
			isa = PBXShellScriptBuildPhase;
			buildActionMask = 2147483647;
			files = (
			);
			inputPaths = (
			);
			name = "[CP] Copy Pods Resources";
			outputPaths = (
			);
			runOnlyForDeploymentPostprocessing = 0;
			shellPath = /bin/sh;
			shellScript = "\"${SRCROOT}/Pods/Target Support Files/Pods-CoreMath_Tests/Pods-CoreMath_Tests-resources.sh\"\n";
			showEnvVarsInLog = 0;
		};
		64128D9E969E79A9F1E589D0 /* [CP] Embed Pods Frameworks */ = {
			isa = PBXShellScriptBuildPhase;
			buildActionMask = 2147483647;
			files = (
			);
			inputPaths = (
			);
			name = "[CP] Embed Pods Frameworks";
			outputPaths = (
			);
			runOnlyForDeploymentPostprocessing = 0;
			shellPath = /bin/sh;
			shellScript = "\"${SRCROOT}/Pods/Target Support Files/Pods-CoreMath_Tests/Pods-CoreMath_Tests-frameworks.sh\"\n";
			showEnvVarsInLog = 0;
		};
		8A4DC7761AB018576B17D79B /* [CP] Check Pods Manifest.lock */ = {
			isa = PBXShellScriptBuildPhase;
			buildActionMask = 2147483647;
			files = (
			);
			inputPaths = (
				"${PODS_PODFILE_DIR_PATH}/Podfile.lock",
				"${PODS_ROOT}/Manifest.lock",
			);
			name = "[CP] Check Pods Manifest.lock";
			outputPaths = (
				"$(DERIVED_FILE_DIR)/Pods-CoreMath_Tests-checkManifestLockResult.txt",
			);
			runOnlyForDeploymentPostprocessing = 0;
			shellPath = /bin/sh;
			shellScript = "diff \"${PODS_PODFILE_DIR_PATH}/Podfile.lock\" \"${PODS_ROOT}/Manifest.lock\" > /dev/null\nif [ $? != 0 ] ; then\n    # print error to STDERR\n    echo \"error: The sandbox is not in sync with the Podfile.lock. Run 'pod install' or update your CocoaPods installation.\" >&2\n    exit 1\nfi\n# This output is used by Xcode 'outputs' to avoid re-running this script phase.\necho \"SUCCESS\" > \"${SCRIPT_OUTPUT_FILE_0}\"\n";
			showEnvVarsInLog = 0;
		};
		9B60065076577BE996C0FFB3 /* [CP] Embed Pods Frameworks */ = {
			isa = PBXShellScriptBuildPhase;
			buildActionMask = 2147483647;
			files = (
			);
			inputPaths = (
				"${SRCROOT}/Pods/Target Support Files/Pods-CoreMath_Example/Pods-CoreMath_Example-frameworks.sh",
				"${BUILT_PRODUCTS_DIR}/CoreMath/CoreMath.framework",
				"${BUILT_PRODUCTS_DIR}/CorePlot/CorePlot.framework",
			);
			name = "[CP] Embed Pods Frameworks";
			outputPaths = (
				"${TARGET_BUILD_DIR}/${FRAMEWORKS_FOLDER_PATH}/CoreMath.framework",
				"${TARGET_BUILD_DIR}/${FRAMEWORKS_FOLDER_PATH}/CorePlot.framework",
			);
			runOnlyForDeploymentPostprocessing = 0;
			shellPath = /bin/sh;
			shellScript = "\"${SRCROOT}/Pods/Target Support Files/Pods-CoreMath_Example/Pods-CoreMath_Example-frameworks.sh\"\n";
			showEnvVarsInLog = 0;
		};
		C16E3A411C77E91374C4B8C3 /* [CP] Check Pods Manifest.lock */ = {
			isa = PBXShellScriptBuildPhase;
			buildActionMask = 2147483647;
			files = (
			);
			inputPaths = (
				"${PODS_PODFILE_DIR_PATH}/Podfile.lock",
				"${PODS_ROOT}/Manifest.lock",
			);
			name = "[CP] Check Pods Manifest.lock";
			outputPaths = (
				"$(DERIVED_FILE_DIR)/Pods-CoreMath_Example-checkManifestLockResult.txt",
			);
			runOnlyForDeploymentPostprocessing = 0;
			shellPath = /bin/sh;
			shellScript = "diff \"${PODS_PODFILE_DIR_PATH}/Podfile.lock\" \"${PODS_ROOT}/Manifest.lock\" > /dev/null\nif [ $? != 0 ] ; then\n    # print error to STDERR\n    echo \"error: The sandbox is not in sync with the Podfile.lock. Run 'pod install' or update your CocoaPods installation.\" >&2\n    exit 1\nfi\n# This output is used by Xcode 'outputs' to avoid re-running this script phase.\necho \"SUCCESS\" > \"${SCRIPT_OUTPUT_FILE_0}\"\n";
			showEnvVarsInLog = 0;
		};
		F47A27DF06182098BA19F582 /* [CP] Copy Pods Resources */ = {
			isa = PBXShellScriptBuildPhase;
			buildActionMask = 2147483647;
			files = (
			);
			inputPaths = (
			);
			name = "[CP] Copy Pods Resources";
			outputPaths = (
			);
			runOnlyForDeploymentPostprocessing = 0;
			shellPath = /bin/sh;
			shellScript = "\"${SRCROOT}/Pods/Target Support Files/Pods-CoreMath_Example/Pods-CoreMath_Example-resources.sh\"\n";
			showEnvVarsInLog = 0;
		};
/* End PBXShellScriptBuildPhase section */

/* Begin PBXSourcesBuildPhase section */
		ED83F67420348A760038D96B /* Sources */ = {
			isa = PBXSourcesBuildPhase;
			buildActionMask = 2147483647;
			files = (
				9B304320205C85B300C4F4B5 /* CGSize.swift in Sources */,
				9B304309205C84CE00C4F4B5 /* CustomPlotViewController.swift in Sources */,
				9B304310205C84CE00C4F4B5 /* PlotWindow.swift in Sources */,
				ED83F67E20348A760038D96B /* ViewController.swift in Sources */,
				9B30431B205C859700C4F4B5 /* ApplicationDelegate.swift in Sources */,
				9B304318205C859700C4F4B5 /* NSMenu.swift in Sources */,
				9B30430F205C84CE00C4F4B5 /* FunctionPlotDataSource.swift in Sources */,
				9B304321205C85B300C4F4B5 /* CGRect.swift in Sources */,
				9B30430A205C84CE00C4F4B5 /* CustomPlotView.swift in Sources */,
				9B30430C205C84CE00C4F4B5 /* PlotView.swift in Sources */,
				9B304317205C859700C4F4B5 /* NSTextField.swift in Sources */,
				9B304319205C859700C4F4B5 /* NSStackView.swift in Sources */,
				9B304322205C85B300C4F4B5 /* CGColor.swift in Sources */,
				9B304308205C84CE00C4F4B5 /* CustomFourierPlotViewController.swift in Sources */,
				9B30430B205C84CE00C4F4B5 /* PlotViewController.swift in Sources */,
				9B30430E205C84CE00C4F4B5 /* SamplingRangeView.swift in Sources */,
				9B304307205C84CE00C4F4B5 /* CustomFourierPlotView.swift in Sources */,
				9B30431A205C859700C4F4B5 /* NSView.swift in Sources */,
				ED83F67C20348A760038D96B /* AppDelegate.swift in Sources */,
			);
			runOnlyForDeploymentPostprocessing = 0;
		};
		ED83F68620348A760038D96B /* Sources */ = {
			isa = PBXSourcesBuildPhase;
			buildActionMask = 2147483647;
			files = (
				ED83F68F20348A760038D96B /* Tests.swift in Sources */,
			);
			runOnlyForDeploymentPostprocessing = 0;
		};
/* End PBXSourcesBuildPhase section */

/* Begin PBXTargetDependency section */
		ED83F68C20348A760038D96B /* PBXTargetDependency */ = {
			isa = PBXTargetDependency;
			target = ED83F67720348A760038D96B /* CoreMath_Example */;
			targetProxy = ED83F68B20348A760038D96B /* PBXContainerItemProxy */;
		};
/* End PBXTargetDependency section */

/* Begin PBXVariantGroup section */
		ED83F68120348A760038D96B /* Main.storyboard */ = {
			isa = PBXVariantGroup;
			children = (
				ED83F68220348A760038D96B /* Base */,
			);
			name = Main.storyboard;
			sourceTree = "<group>";
		};
/* End PBXVariantGroup section */

/* Begin XCBuildConfiguration section */
		ED83F69120348A760038D96B /* Debug */ = {
			isa = XCBuildConfiguration;
			buildSettings = {
				ALWAYS_SEARCH_USER_PATHS = NO;
				CLANG_ANALYZER_NONNULL = YES;
				CLANG_ANALYZER_NUMBER_OBJECT_CONVERSION = YES_AGGRESSIVE;
				CLANG_CXX_LANGUAGE_STANDARD = "gnu++14";
				CLANG_CXX_LIBRARY = "libc++";
				CLANG_ENABLE_MODULES = YES;
				CLANG_ENABLE_OBJC_ARC = YES;
				CLANG_WARN_BLOCK_CAPTURE_AUTORELEASING = YES;
				CLANG_WARN_BOOL_CONVERSION = YES;
				CLANG_WARN_COMMA = YES;
				CLANG_WARN_CONSTANT_CONVERSION = YES;
				CLANG_WARN_DIRECT_OBJC_ISA_USAGE = YES_ERROR;
				CLANG_WARN_DOCUMENTATION_COMMENTS = YES;
				CLANG_WARN_EMPTY_BODY = YES;
				CLANG_WARN_ENUM_CONVERSION = YES;
				CLANG_WARN_INFINITE_RECURSION = YES;
				CLANG_WARN_INT_CONVERSION = YES;
				CLANG_WARN_NON_LITERAL_NULL_CONVERSION = YES;
				CLANG_WARN_OBJC_LITERAL_CONVERSION = YES;
				CLANG_WARN_OBJC_ROOT_CLASS = YES_ERROR;
				CLANG_WARN_RANGE_LOOP_ANALYSIS = YES;
				CLANG_WARN_STRICT_PROTOTYPES = YES;
				CLANG_WARN_SUSPICIOUS_MOVE = YES;
				CLANG_WARN_UNGUARDED_AVAILABILITY = YES_AGGRESSIVE;
				CLANG_WARN_UNREACHABLE_CODE = YES;
				CLANG_WARN__DUPLICATE_METHOD_MATCH = YES;
				CODE_SIGN_IDENTITY = "-";
				COPY_PHASE_STRIP = NO;
				DEBUG_INFORMATION_FORMAT = dwarf;
				ENABLE_STRICT_OBJC_MSGSEND = YES;
				ENABLE_TESTABILITY = YES;
				GCC_C_LANGUAGE_STANDARD = gnu11;
				GCC_DYNAMIC_NO_PIC = NO;
				GCC_NO_COMMON_BLOCKS = YES;
				GCC_OPTIMIZATION_LEVEL = 0;
				GCC_PREPROCESSOR_DEFINITIONS = (
					"DEBUG=1",
					"$(inherited)",
				);
				GCC_WARN_64_TO_32_BIT_CONVERSION = YES;
				GCC_WARN_ABOUT_RETURN_TYPE = YES_ERROR;
				GCC_WARN_UNDECLARED_SELECTOR = YES;
				GCC_WARN_UNINITIALIZED_AUTOS = YES_AGGRESSIVE;
				GCC_WARN_UNUSED_FUNCTION = YES;
				GCC_WARN_UNUSED_VARIABLE = YES;
				MACOSX_DEPLOYMENT_TARGET = 10.13;
				MTL_ENABLE_DEBUG_INFO = YES;
				ONLY_ACTIVE_ARCH = YES;
				SDKROOT = macosx;
				SWIFT_ACTIVE_COMPILATION_CONDITIONS = DEBUG;
				SWIFT_OPTIMIZATION_LEVEL = "-Onone";
			};
			name = Debug;
		};
		ED83F69220348A760038D96B /* Release */ = {
			isa = XCBuildConfiguration;
			buildSettings = {
				ALWAYS_SEARCH_USER_PATHS = NO;
				CLANG_ANALYZER_NONNULL = YES;
				CLANG_ANALYZER_NUMBER_OBJECT_CONVERSION = YES_AGGRESSIVE;
				CLANG_CXX_LANGUAGE_STANDARD = "gnu++14";
				CLANG_CXX_LIBRARY = "libc++";
				CLANG_ENABLE_MODULES = YES;
				CLANG_ENABLE_OBJC_ARC = YES;
				CLANG_WARN_BLOCK_CAPTURE_AUTORELEASING = YES;
				CLANG_WARN_BOOL_CONVERSION = YES;
				CLANG_WARN_COMMA = YES;
				CLANG_WARN_CONSTANT_CONVERSION = YES;
				CLANG_WARN_DIRECT_OBJC_ISA_USAGE = YES_ERROR;
				CLANG_WARN_DOCUMENTATION_COMMENTS = YES;
				CLANG_WARN_EMPTY_BODY = YES;
				CLANG_WARN_ENUM_CONVERSION = YES;
				CLANG_WARN_INFINITE_RECURSION = YES;
				CLANG_WARN_INT_CONVERSION = YES;
				CLANG_WARN_NON_LITERAL_NULL_CONVERSION = YES;
				CLANG_WARN_OBJC_LITERAL_CONVERSION = YES;
				CLANG_WARN_OBJC_ROOT_CLASS = YES_ERROR;
				CLANG_WARN_RANGE_LOOP_ANALYSIS = YES;
				CLANG_WARN_STRICT_PROTOTYPES = YES;
				CLANG_WARN_SUSPICIOUS_MOVE = YES;
				CLANG_WARN_UNGUARDED_AVAILABILITY = YES_AGGRESSIVE;
				CLANG_WARN_UNREACHABLE_CODE = YES;
				CLANG_WARN__DUPLICATE_METHOD_MATCH = YES;
				CODE_SIGN_IDENTITY = "-";
				COPY_PHASE_STRIP = NO;
				DEBUG_INFORMATION_FORMAT = "dwarf-with-dsym";
				ENABLE_NS_ASSERTIONS = NO;
				ENABLE_STRICT_OBJC_MSGSEND = YES;
				GCC_C_LANGUAGE_STANDARD = gnu11;
				GCC_NO_COMMON_BLOCKS = YES;
				GCC_WARN_64_TO_32_BIT_CONVERSION = YES;
				GCC_WARN_ABOUT_RETURN_TYPE = YES_ERROR;
				GCC_WARN_UNDECLARED_SELECTOR = YES;
				GCC_WARN_UNINITIALIZED_AUTOS = YES_AGGRESSIVE;
				GCC_WARN_UNUSED_FUNCTION = YES;
				GCC_WARN_UNUSED_VARIABLE = YES;
				MACOSX_DEPLOYMENT_TARGET = 10.13;
				MTL_ENABLE_DEBUG_INFO = NO;
				SDKROOT = macosx;
				SWIFT_OPTIMIZATION_LEVEL = "-Owholemodule";
			};
			name = Release;
		};
		ED83F69420348A760038D96B /* Debug */ = {
			isa = XCBuildConfiguration;
			baseConfigurationReference = 20AA309B98D58F9A00CEBAA3 /* Pods-CoreMath_Example.debug.xcconfig */;
			buildSettings = {
				ASSETCATALOG_COMPILER_APPICON_NAME = AppIcon;
				CODE_SIGN_ENTITLEMENTS = CoreMath/CoreMath.entitlements;
				CODE_SIGN_IDENTITY = "Mac Developer";
				CODE_SIGN_STYLE = Automatic;
				COMBINE_HIDPI_IMAGES = YES;
				DEVELOPMENT_TEAM = TJSHMGE2VX;
				INFOPLIST_FILE = CoreMath/Info.plist;
				LD_RUNPATH_SEARCH_PATHS = "$(inherited) @executable_path/../Frameworks";
				PRODUCT_BUNDLE_IDENTIFIER = org.cocoapods.demo.CoreMath;
				PRODUCT_NAME = "$(TARGET_NAME)";
				PROVISIONING_PROFILE_SPECIFIER = "";
				SWIFT_VERSION = 4.0;
			};
			name = Debug;
		};
		ED83F69520348A760038D96B /* Release */ = {
			isa = XCBuildConfiguration;
			baseConfigurationReference = A0EDC0B6CF06F0B6D58C5154 /* Pods-CoreMath_Example.release.xcconfig */;
			buildSettings = {
				ASSETCATALOG_COMPILER_APPICON_NAME = AppIcon;
				CODE_SIGN_ENTITLEMENTS = CoreMath/CoreMath.entitlements;
				CODE_SIGN_IDENTITY = "Mac Developer";
				CODE_SIGN_STYLE = Automatic;
				COMBINE_HIDPI_IMAGES = YES;
				DEVELOPMENT_TEAM = TJSHMGE2VX;
				INFOPLIST_FILE = CoreMath/Info.plist;
				LD_RUNPATH_SEARCH_PATHS = "$(inherited) @executable_path/../Frameworks";
				PRODUCT_BUNDLE_IDENTIFIER = org.cocoapods.demo.CoreMath;
				PRODUCT_NAME = "$(TARGET_NAME)";
				PROVISIONING_PROFILE_SPECIFIER = "";
				SWIFT_VERSION = 4.0;
			};
			name = Release;
		};
		ED83F69720348A760038D96B /* Debug */ = {
			isa = XCBuildConfiguration;
			baseConfigurationReference = 072122BA1932C5C6DA72352A /* Pods-CoreMath_Tests.debug.xcconfig */;
			buildSettings = {
				ALWAYS_EMBED_SWIFT_STANDARD_LIBRARIES = YES;
				BUNDLE_LOADER = "$(TEST_HOST)";
				CODE_SIGN_STYLE = Automatic;
				COMBINE_HIDPI_IMAGES = YES;
				INFOPLIST_FILE = Tests/Info.plist;
				LD_RUNPATH_SEARCH_PATHS = "$(inherited) @executable_path/../Frameworks @loader_path/../Frameworks";
				PRODUCT_BUNDLE_IDENTIFIER = "org.cocoapods.demo.CoreMath-Tests";
				PRODUCT_NAME = "$(TARGET_NAME)";
				SWIFT_VERSION = 4.0;
				TEST_HOST = "";
			};
			name = Debug;
		};
		ED83F69820348A760038D96B /* Release */ = {
			isa = XCBuildConfiguration;
			baseConfigurationReference = B18FAA099BBF0080ECFAB73A /* Pods-CoreMath_Tests.release.xcconfig */;
			buildSettings = {
				ALWAYS_EMBED_SWIFT_STANDARD_LIBRARIES = YES;
				BUNDLE_LOADER = "$(TEST_HOST)";
				CODE_SIGN_STYLE = Automatic;
				COMBINE_HIDPI_IMAGES = YES;
				INFOPLIST_FILE = Tests/Info.plist;
				LD_RUNPATH_SEARCH_PATHS = "$(inherited) @executable_path/../Frameworks @loader_path/../Frameworks";
				PRODUCT_BUNDLE_IDENTIFIER = "org.cocoapods.demo.CoreMath-Tests";
				PRODUCT_NAME = "$(TARGET_NAME)";
				SWIFT_VERSION = 4.0;
				TEST_HOST = "";
			};
			name = Release;
		};
/* End XCBuildConfiguration section */

/* Begin XCConfigurationList section */
		ED83F67320348A760038D96B /* Build configuration list for PBXProject "CoreMath" */ = {
			isa = XCConfigurationList;
			buildConfigurations = (
				ED83F69120348A760038D96B /* Debug */,
				ED83F69220348A760038D96B /* Release */,
			);
			defaultConfigurationIsVisible = 0;
			defaultConfigurationName = Release;
		};
		ED83F69320348A760038D96B /* Build configuration list for PBXNativeTarget "CoreMath_Example" */ = {
			isa = XCConfigurationList;
			buildConfigurations = (
				ED83F69420348A760038D96B /* Debug */,
				ED83F69520348A760038D96B /* Release */,
			);
			defaultConfigurationIsVisible = 0;
			defaultConfigurationName = Release;
		};
		ED83F69620348A760038D96B /* Build configuration list for PBXNativeTarget "CoreMath_Tests" */ = {
			isa = XCConfigurationList;
			buildConfigurations = (
				ED83F69720348A760038D96B /* Debug */,
				ED83F69820348A760038D96B /* Release */,
			);
			defaultConfigurationIsVisible = 0;
			defaultConfigurationName = Release;
		};
/* End XCConfigurationList section */
	};
	rootObject = ED83F67020348A760038D96B /* Project object */;
}
