// !$*UTF8*$!
{
	archiveVersion = 1;
	classes = {
	};
	objectVersion = 46;
	objects = {

/* Begin PBXBuildFile section */
		9B0FC7BF1CE31CC40009BAF4 /* Test.swift in Sources */ = {isa = PBXBuildFile; fileRef = 9B0FC7BE1CE31CC40009BAF4 /* Test.swift */; };
		9B0FC7CB1CE31CE30009BAF4 /* StringTest.swift in Sources */ = {isa = PBXBuildFile; fileRef = 9B0FC7CA1CE31CE30009BAF4 /* StringTest.swift */; };
		9B0FC7CD1CE31CED0009BAF4 /* MatrixTest.swift in Sources */ = {isa = PBXBuildFile; fileRef = 9B0FC7CC1CE31CED0009BAF4 /* MatrixTest.swift */; };
		9B0FC7CF1CE31CF70009BAF4 /* NumberTest.swift in Sources */ = {isa = PBXBuildFile; fileRef = 9B0FC7CE1CE31CF70009BAF4 /* NumberTest.swift */; };
		9BB21B751CEA4AC3009FF58B /* GroupLikeTest.swift in Sources */ = {isa = PBXBuildFile; fileRef = 9BB21B741CEA4AC3009FF58B /* GroupLikeTest.swift */; };
		9BB21B771CEA4AD1009FF58B /* RingLikeTest.swift in Sources */ = {isa = PBXBuildFile; fileRef = 9BB21B761CEA4AD1009FF58B /* RingLikeTest.swift */; };
		9BB8EDCD1CE3F3C400CF1A9D /* HashingTest.swift in Sources */ = {isa = PBXBuildFile; fileRef = 9BB8EDCC1CE3F3C400CF1A9D /* HashingTest.swift */; };
		9BF812C31D129AE900DC21BF /* main.swift in Sources */ = {isa = PBXBuildFile; fileRef = 9BF812B81D129AE900DC21BF /* main.swift */; };
		9BF812C41D129AE900DC21BF /* Matrix.swift in Sources */ = {isa = PBXBuildFile; fileRef = 9BF812B91D129AE900DC21BF /* Matrix.swift */; };
		9BF812C51D129AE900DC21BF /* Number.swift in Sources */ = {isa = PBXBuildFile; fileRef = 9BF812BA1D129AE900DC21BF /* Number.swift */; };
		9BF812C61D129AE900DC21BF /* General.swift in Sources */ = {isa = PBXBuildFile; fileRef = 9BF812BB1D129AE900DC21BF /* General.swift */; };
		9BF812C71D129AE900DC21BF /* Array.swift in Sources */ = {isa = PBXBuildFile; fileRef = 9BF812BC1D129AE900DC21BF /* Array.swift */; };
		9BF812C81D129AE900DC21BF /* Operations.swift in Sources */ = {isa = PBXBuildFile; fileRef = 9BF812BD1D129AE900DC21BF /* Operations.swift */; };
		9BF812C91D129AE900DC21BF /* Constants.swift in Sources */ = {isa = PBXBuildFile; fileRef = 9BF812BE1D129AE900DC21BF /* Constants.swift */; };
		9BF812CA1D129AE900DC21BF /* String.swift in Sources */ = {isa = PBXBuildFile; fileRef = 9BF812BF1D129AE900DC21BF /* String.swift */; };
		9BF812CB1D129AE900DC21BF /* Protocols.swift in Sources */ = {isa = PBXBuildFile; fileRef = 9BF812C01D129AE900DC21BF /* Protocols.swift */; };
		9BF812CC1D129AE900DC21BF /* Error.swift in Sources */ = {isa = PBXBuildFile; fileRef = 9BF812C11D129AE900DC21BF /* Error.swift */; };
		9BF812D11D129B1100DC21BF /* HashingChaining.swift in Sources */ = {isa = PBXBuildFile; fileRef = 9BF812CD1D129B1100DC21BF /* HashingChaining.swift */; };
		9BF812D21D129B1100DC21BF /* HashingLinearProbing.swift in Sources */ = {isa = PBXBuildFile; fileRef = 9BF812CE1D129B1100DC21BF /* HashingLinearProbing.swift */; };
		9BF812D31D129B1100DC21BF /* HashingProtocols.swift in Sources */ = {isa = PBXBuildFile; fileRef = 9BF812CF1D129B1100DC21BF /* HashingProtocols.swift */; };
		9BF812D41D129B1100DC21BF /* HashingDouble.swift in Sources */ = {isa = PBXBuildFile; fileRef = 9BF812D01D129B1100DC21BF /* HashingDouble.swift */; };
		9BF812DC1D129B3200DC21BF /* RingLikeProtocols.swift in Sources */ = {isa = PBXBuildFile; fileRef = 9BF812D61D129B3200DC21BF /* RingLikeProtocols.swift */; };
		9BF812DD1D129B3200DC21BF /* GroupLikeProtocols.swift in Sources */ = {isa = PBXBuildFile; fileRef = 9BF812D71D129B3200DC21BF /* GroupLikeProtocols.swift */; };
		9BF812DE1D129B3200DC21BF /* GroupLike.swift in Sources */ = {isa = PBXBuildFile; fileRef = 9BF812D81D129B3200DC21BF /* GroupLike.swift */; };
		9BF812DF1D129B3200DC21BF /* RingLike.swift in Sources */ = {isa = PBXBuildFile; fileRef = 9BF812D91D129B3200DC21BF /* RingLike.swift */; };
		9BF812E01D129B3200DC21BF /* ModuleLikeProtocols.swift in Sources */ = {isa = PBXBuildFile; fileRef = 9BF812DA1D129B3200DC21BF /* ModuleLikeProtocols.swift */; };
		9BF812E11D129B3200DC21BF /* ModuleLike.swift in Sources */ = {isa = PBXBuildFile; fileRef = 9BF812DB1D129B3200DC21BF /* ModuleLike.swift */; };
/* End PBXBuildFile section */

/* Begin PBXCopyFilesBuildPhase section */
		9B0FC7A01CE31CA70009BAF4 /* CopyFiles */ = {
			isa = PBXCopyFilesBuildPhase;
			buildActionMask = 2147483647;
			dstPath = /usr/share/man/man1/;
			dstSubfolderSpec = 0;
			files = (
			);
			runOnlyForDeploymentPostprocessing = 1;
		};
/* End PBXCopyFilesBuildPhase section */

/* Begin PBXFileReference section */
		9B0FC7A21CE31CA70009BAF4 /* Math */ = {isa = PBXFileReference; explicitFileType = "compiled.mach-o.executable"; includeInIndex = 0; path = Math; sourceTree = BUILT_PRODUCTS_DIR; };
		9B0FC7BC1CE31CC40009BAF4 /* Test.xctest */ = {isa = PBXFileReference; explicitFileType = wrapper.cfbundle; includeInIndex = 0; path = Test.xctest; sourceTree = BUILT_PRODUCTS_DIR; };
		9B0FC7BE1CE31CC40009BAF4 /* Test.swift */ = {isa = PBXFileReference; lastKnownFileType = sourcecode.swift; path = Test.swift; sourceTree = "<group>"; };
		9B0FC7C01CE31CC40009BAF4 /* Info.plist */ = {isa = PBXFileReference; lastKnownFileType = text.plist.xml; path = Info.plist; sourceTree = "<group>"; };
		9B0FC7CA1CE31CE30009BAF4 /* StringTest.swift */ = {isa = PBXFileReference; fileEncoding = 4; lastKnownFileType = sourcecode.swift; path = StringTest.swift; sourceTree = "<group>"; };
		9B0FC7CC1CE31CED0009BAF4 /* MatrixTest.swift */ = {isa = PBXFileReference; fileEncoding = 4; lastKnownFileType = sourcecode.swift; path = MatrixTest.swift; sourceTree = "<group>"; };
		9B0FC7CE1CE31CF70009BAF4 /* NumberTest.swift */ = {isa = PBXFileReference; fileEncoding = 4; lastKnownFileType = sourcecode.swift; path = NumberTest.swift; sourceTree = "<group>"; };
		9BB21B741CEA4AC3009FF58B /* GroupLikeTest.swift */ = {isa = PBXFileReference; fileEncoding = 4; lastKnownFileType = sourcecode.swift; path = GroupLikeTest.swift; sourceTree = "<group>"; };
		9BB21B761CEA4AD1009FF58B /* RingLikeTest.swift */ = {isa = PBXFileReference; fileEncoding = 4; lastKnownFileType = sourcecode.swift; path = RingLikeTest.swift; sourceTree = "<group>"; };
		9BB8EDCC1CE3F3C400CF1A9D /* HashingTest.swift */ = {isa = PBXFileReference; fileEncoding = 4; lastKnownFileType = sourcecode.swift; path = HashingTest.swift; sourceTree = "<group>"; };
		9BF812B81D129AE900DC21BF /* main.swift */ = {isa = PBXFileReference; fileEncoding = 4; lastKnownFileType = sourcecode.swift; name = main.swift; path = Sources/main.swift; sourceTree = SOURCE_ROOT; };
		9BF812B91D129AE900DC21BF /* Matrix.swift */ = {isa = PBXFileReference; fileEncoding = 4; lastKnownFileType = sourcecode.swift; name = Matrix.swift; path = Sources/Matrix.swift; sourceTree = SOURCE_ROOT; };
		9BF812BA1D129AE900DC21BF /* Number.swift */ = {isa = PBXFileReference; fileEncoding = 4; lastKnownFileType = sourcecode.swift; name = Number.swift; path = Sources/Number.swift; sourceTree = SOURCE_ROOT; };
		9BF812BB1D129AE900DC21BF /* General.swift */ = {isa = PBXFileReference; fileEncoding = 4; lastKnownFileType = sourcecode.swift; name = General.swift; path = Sources/General.swift; sourceTree = SOURCE_ROOT; };
		9BF812BC1D129AE900DC21BF /* Array.swift */ = {isa = PBXFileReference; fileEncoding = 4; lastKnownFileType = sourcecode.swift; name = Array.swift; path = Sources/Array.swift; sourceTree = SOURCE_ROOT; };
		9BF812BD1D129AE900DC21BF /* Operations.swift */ = {isa = PBXFileReference; fileEncoding = 4; lastKnownFileType = sourcecode.swift; name = Operations.swift; path = Sources/Operations.swift; sourceTree = SOURCE_ROOT; };
		9BF812BE1D129AE900DC21BF /* Constants.swift */ = {isa = PBXFileReference; fileEncoding = 4; lastKnownFileType = sourcecode.swift; name = Constants.swift; path = Sources/Constants.swift; sourceTree = SOURCE_ROOT; };
		9BF812BF1D129AE900DC21BF /* String.swift */ = {isa = PBXFileReference; fileEncoding = 4; lastKnownFileType = sourcecode.swift; name = String.swift; path = Sources/String.swift; sourceTree = SOURCE_ROOT; };
		9BF812C01D129AE900DC21BF /* Protocols.swift */ = {isa = PBXFileReference; fileEncoding = 4; lastKnownFileType = sourcecode.swift; name = Protocols.swift; path = Sources/Protocols.swift; sourceTree = SOURCE_ROOT; };
		9BF812C11D129AE900DC21BF /* Error.swift */ = {isa = PBXFileReference; fileEncoding = 4; lastKnownFileType = sourcecode.swift; name = Error.swift; path = Sources/Error.swift; sourceTree = SOURCE_ROOT; };
		9BF812C21D129AE900DC21BF /* Playground.playground */ = {isa = PBXFileReference; lastKnownFileType = file.playground; name = Playground.playground; path = Sources/Playground.playground; sourceTree = SOURCE_ROOT; };
		9BF812CD1D129B1100DC21BF /* HashingChaining.swift */ = {isa = PBXFileReference; fileEncoding = 4; lastKnownFileType = sourcecode.swift; name = HashingChaining.swift; path = Sources/Hashing/HashingChaining.swift; sourceTree = "<group>"; };
		9BF812CE1D129B1100DC21BF /* HashingLinearProbing.swift */ = {isa = PBXFileReference; fileEncoding = 4; lastKnownFileType = sourcecode.swift; name = HashingLinearProbing.swift; path = Sources/Hashing/HashingLinearProbing.swift; sourceTree = "<group>"; };
		9BF812CF1D129B1100DC21BF /* HashingProtocols.swift */ = {isa = PBXFileReference; fileEncoding = 4; lastKnownFileType = sourcecode.swift; name = HashingProtocols.swift; path = Sources/Hashing/HashingProtocols.swift; sourceTree = "<group>"; };
		9BF812D01D129B1100DC21BF /* HashingDouble.swift */ = {isa = PBXFileReference; fileEncoding = 4; lastKnownFileType = sourcecode.swift; name = HashingDouble.swift; path = Sources/Hashing/HashingDouble.swift; sourceTree = "<group>"; };
		9BF812D61D129B3200DC21BF /* RingLikeProtocols.swift */ = {isa = PBXFileReference; fileEncoding = 4; lastKnownFileType = sourcecode.swift; name = RingLikeProtocols.swift; path = Sources/Algebra/RingLikeProtocols.swift; sourceTree = "<group>"; };
		9BF812D71D129B3200DC21BF /* GroupLikeProtocols.swift */ = {isa = PBXFileReference; fileEncoding = 4; lastKnownFileType = sourcecode.swift; name = GroupLikeProtocols.swift; path = Sources/Algebra/GroupLikeProtocols.swift; sourceTree = "<group>"; };
		9BF812D81D129B3200DC21BF /* GroupLike.swift */ = {isa = PBXFileReference; fileEncoding = 4; lastKnownFileType = sourcecode.swift; name = GroupLike.swift; path = Sources/Algebra/GroupLike.swift; sourceTree = "<group>"; };
		9BF812D91D129B3200DC21BF /* RingLike.swift */ = {isa = PBXFileReference; fileEncoding = 4; lastKnownFileType = sourcecode.swift; name = RingLike.swift; path = Sources/Algebra/RingLike.swift; sourceTree = "<group>"; };
		9BF812DA1D129B3200DC21BF /* ModuleLikeProtocols.swift */ = {isa = PBXFileReference; fileEncoding = 4; lastKnownFileType = sourcecode.swift; name = ModuleLikeProtocols.swift; path = Sources/Algebra/ModuleLikeProtocols.swift; sourceTree = "<group>"; };
		9BF812DB1D129B3200DC21BF /* ModuleLike.swift */ = {isa = PBXFileReference; fileEncoding = 4; lastKnownFileType = sourcecode.swift; name = ModuleLike.swift; path = Sources/Algebra/ModuleLike.swift; sourceTree = "<group>"; };
/* End PBXFileReference section */

/* Begin PBXFrameworksBuildPhase section */
		9B0FC79F1CE31CA70009BAF4 /* Frameworks */ = {
			isa = PBXFrameworksBuildPhase;
			buildActionMask = 2147483647;
			files = (
			);
			runOnlyForDeploymentPostprocessing = 0;
		};
		9B0FC7B91CE31CC40009BAF4 /* Frameworks */ = {
			isa = PBXFrameworksBuildPhase;
			buildActionMask = 2147483647;
			files = (
			);
			runOnlyForDeploymentPostprocessing = 0;
		};
/* End PBXFrameworksBuildPhase section */

/* Begin PBXGroup section */
		9B0FC7991CE31CA70009BAF4 = {
			isa = PBXGroup;
			children = (
				9B0FC7A41CE31CA70009BAF4 /* Math */,
				9B0FC7BD1CE31CC40009BAF4 /* Test */,
				9B0FC7A31CE31CA70009BAF4 /* Products */,
			);
			sourceTree = "<group>";
		};
		9B0FC7A31CE31CA70009BAF4 /* Products */ = {
			isa = PBXGroup;
			children = (
				9B0FC7A21CE31CA70009BAF4 /* Math */,
				9B0FC7BC1CE31CC40009BAF4 /* Test.xctest */,
			);
			name = Products;
			sourceTree = "<group>";
		};
		9B0FC7A41CE31CA70009BAF4 /* Math */ = {
			isa = PBXGroup;
			children = (
				9BF812B81D129AE900DC21BF /* main.swift */,
				9BF812B91D129AE900DC21BF /* Matrix.swift */,
				9BF812BA1D129AE900DC21BF /* Number.swift */,
				9BF812BB1D129AE900DC21BF /* General.swift */,
				9BF812BC1D129AE900DC21BF /* Array.swift */,
				9BF812BD1D129AE900DC21BF /* Operations.swift */,
				9BF812BE1D129AE900DC21BF /* Constants.swift */,
				9BF812BF1D129AE900DC21BF /* String.swift */,
				9BF812C01D129AE900DC21BF /* Protocols.swift */,
				9BF812C11D129AE900DC21BF /* Error.swift */,
				9BF812E21D129B3800DC21BF /* Algebra */,
				9BF812D51D129B1A00DC21BF /* Hashing */,
				9BF812C21D129AE900DC21BF /* Playground.playground */,
			);
			path = Math;
			sourceTree = "<group>";
		};
		9B0FC7BD1CE31CC40009BAF4 /* Test */ = {
			isa = PBXGroup;
			children = (
				9BB21B761CEA4AD1009FF58B /* RingLikeTest.swift */,
				9BB21B741CEA4AC3009FF58B /* GroupLikeTest.swift */,
				9BB8EDCC1CE3F3C400CF1A9D /* HashingTest.swift */,
				9B0FC7CE1CE31CF70009BAF4 /* NumberTest.swift */,
				9B0FC7CC1CE31CED0009BAF4 /* MatrixTest.swift */,
				9B0FC7CA1CE31CE30009BAF4 /* StringTest.swift */,
				9B0FC7BE1CE31CC40009BAF4 /* Test.swift */,
				9B0FC7C01CE31CC40009BAF4 /* Info.plist */,
			);
			path = Test;
			sourceTree = "<group>";
		};
		9BF812D51D129B1A00DC21BF /* Hashing */ = {
			isa = PBXGroup;
			children = (
				9BF812CD1D129B1100DC21BF /* HashingChaining.swift */,
				9BF812CE1D129B1100DC21BF /* HashingLinearProbing.swift */,
				9BF812CF1D129B1100DC21BF /* HashingProtocols.swift */,
				9BF812D01D129B1100DC21BF /* HashingDouble.swift */,
			);
			name = Hashing;
			path = ..;
			sourceTree = "<group>";
		};
		9BF812E21D129B3800DC21BF /* Algebra */ = {
			isa = PBXGroup;
			children = (
				9BF812D61D129B3200DC21BF /* RingLikeProtocols.swift */,
				9BF812D71D129B3200DC21BF /* GroupLikeProtocols.swift */,
				9BF812D81D129B3200DC21BF /* GroupLike.swift */,
				9BF812D91D129B3200DC21BF /* RingLike.swift */,
				9BF812DA1D129B3200DC21BF /* ModuleLikeProtocols.swift */,
				9BF812DB1D129B3200DC21BF /* ModuleLike.swift */,
			);
			name = Algebra;
			path = ..;
			sourceTree = "<group>";
		};
/* End PBXGroup section */

/* Begin PBXNativeTarget section */
		9B0FC7A11CE31CA70009BAF4 /* Math */ = {
			isa = PBXNativeTarget;
			buildConfigurationList = 9B0FC7A91CE31CA70009BAF4 /* Build configuration list for PBXNativeTarget "Math" */;
			buildPhases = (
				9B19FF241CE5ED9A0045E59E /* ShellScript */,
				9B0FC79E1CE31CA70009BAF4 /* Sources */,
				9B0FC79F1CE31CA70009BAF4 /* Frameworks */,
				9B0FC7A01CE31CA70009BAF4 /* CopyFiles */,
			);
			buildRules = (
			);
			dependencies = (
			);
			name = Math;
			productName = Math;
			productReference = 9B0FC7A21CE31CA70009BAF4 /* Math */;
			productType = "com.apple.product-type.tool";
		};
		9B0FC7BB1CE31CC40009BAF4 /* Test */ = {
			isa = PBXNativeTarget;
			buildConfigurationList = 9B0FC7C11CE31CC40009BAF4 /* Build configuration list for PBXNativeTarget "Test" */;
			buildPhases = (
				9B0FC7B81CE31CC40009BAF4 /* Sources */,
				9B0FC7B91CE31CC40009BAF4 /* Frameworks */,
				9B0FC7BA1CE31CC40009BAF4 /* Resources */,
			);
			buildRules = (
			);
			dependencies = (
			);
			name = Test;
			productName = Test;
			productReference = 9B0FC7BC1CE31CC40009BAF4 /* Test.xctest */;
			productType = "com.apple.product-type.bundle.unit-test";
		};
/* End PBXNativeTarget section */

/* Begin PBXProject section */
		9B0FC79A1CE31CA70009BAF4 /* Project object */ = {
			isa = PBXProject;
			attributes = {
				LastSwiftUpdateCheck = 0730;
				LastUpgradeCheck = 0730;
				ORGANIZATIONNAME = pauljohanneskraft;
				TargetAttributes = {
					9B0FC7A11CE31CA70009BAF4 = {
						CreatedOnToolsVersion = 7.3.1;
						LastSwiftMigration = 0800;
					};
					9B0FC7BB1CE31CC40009BAF4 = {
						CreatedOnToolsVersion = 7.3.1;
						LastSwiftMigration = 0800;
					};
				};
			};
			buildConfigurationList = 9B0FC79D1CE31CA70009BAF4 /* Build configuration list for PBXProject "Math" */;
			compatibilityVersion = "Xcode 3.2";
			developmentRegion = English;
			hasScannedForEncodings = 0;
			knownRegions = (
				en,
			);
			mainGroup = 9B0FC7991CE31CA70009BAF4;
			productRefGroup = 9B0FC7A31CE31CA70009BAF4 /* Products */;
			projectDirPath = "";
			projectRoot = "";
			targets = (
				9B0FC7A11CE31CA70009BAF4 /* Math */,
				9B0FC7BB1CE31CC40009BAF4 /* Test */,
			);
		};
/* End PBXProject section */

/* Begin PBXResourcesBuildPhase section */
		9B0FC7BA1CE31CC40009BAF4 /* Resources */ = {
			isa = PBXResourcesBuildPhase;
			buildActionMask = 2147483647;
			files = (
			);
			runOnlyForDeploymentPostprocessing = 0;
		};
/* End PBXResourcesBuildPhase section */

/* Begin PBXShellScriptBuildPhase section */
		9B19FF241CE5ED9A0045E59E /* ShellScript */ = {
			isa = PBXShellScriptBuildPhase;
			buildActionMask = 2147483647;
			files = (
			);
			inputPaths = (
			);
			outputPaths = (
			);
			runOnlyForDeploymentPostprocessing = 0;
			shellPath = /bin/sh;
			shellScript = "TAGS=\"TODO|FIX|PERFORMANCE|IDEA|WARNING\"\nERRORTAG=\"ERROR\"\nfind \"${SRCROOT}\" \\( -name \"*.h\" -or -name \"*.m\" -or -name \"*.swift\" \\) -print0 | xargs -0 egrep --with-filename --line-number --only-matching \"($TAGS).*\\$|($ERRORTAG).*\\$\" | perl -p -e \"s/($TAGS)/ warning: \\$1/\" | perl -p -e \"s/($ERRORTAG)/ error: \\$1/\"";
			showEnvVarsInLog = 0;
		};
/* End PBXShellScriptBuildPhase section */

/* Begin PBXSourcesBuildPhase section */
		9B0FC79E1CE31CA70009BAF4 /* Sources */ = {
			isa = PBXSourcesBuildPhase;
			buildActionMask = 2147483647;
			files = (
				9BF812C51D129AE900DC21BF /* Number.swift in Sources */,
				9BF812C81D129AE900DC21BF /* Operations.swift in Sources */,
				9BF812C61D129AE900DC21BF /* General.swift in Sources */,
				9BF812C31D129AE900DC21BF /* main.swift in Sources */,
				9BF812CA1D129AE900DC21BF /* String.swift in Sources */,
				9BF812D31D129B1100DC21BF /* HashingProtocols.swift in Sources */,
				9BF812DE1D129B3200DC21BF /* GroupLike.swift in Sources */,
				9BF812C41D129AE900DC21BF /* Matrix.swift in Sources */,
				9BF812DF1D129B3200DC21BF /* RingLike.swift in Sources */,
				9BF812E01D129B3200DC21BF /* ModuleLikeProtocols.swift in Sources */,
				9BF812DC1D129B3200DC21BF /* RingLikeProtocols.swift in Sources */,
				9BF812C71D129AE900DC21BF /* Array.swift in Sources */,
				9BF812D21D129B1100DC21BF /* HashingLinearProbing.swift in Sources */,
				9BF812DD1D129B3200DC21BF /* GroupLikeProtocols.swift in Sources */,
				9BF812E11D129B3200DC21BF /* ModuleLike.swift in Sources */,
				9BF812CB1D129AE900DC21BF /* Protocols.swift in Sources */,
				9BF812D11D129B1100DC21BF /* HashingChaining.swift in Sources */,
				9BF812D41D129B1100DC21BF /* HashingDouble.swift in Sources */,
				9BF812CC1D129AE900DC21BF /* Error.swift in Sources */,
				9BF812C91D129AE900DC21BF /* Constants.swift in Sources */,
			);
			runOnlyForDeploymentPostprocessing = 0;
		};
		9B0FC7B81CE31CC40009BAF4 /* Sources */ = {
			isa = PBXSourcesBuildPhase;
			buildActionMask = 2147483647;
			files = (
				9BB21B771CEA4AD1009FF58B /* RingLikeTest.swift in Sources */,
				9B0FC7CD1CE31CED0009BAF4 /* MatrixTest.swift in Sources */,
				9B0FC7CB1CE31CE30009BAF4 /* StringTest.swift in Sources */,
				9B0FC7CF1CE31CF70009BAF4 /* NumberTest.swift in Sources */,
				9B0FC7BF1CE31CC40009BAF4 /* Test.swift in Sources */,
				9BB8EDCD1CE3F3C400CF1A9D /* HashingTest.swift in Sources */,
				9BB21B751CEA4AC3009FF58B /* GroupLikeTest.swift in Sources */,
			);
			runOnlyForDeploymentPostprocessing = 0;
		};
/* End PBXSourcesBuildPhase section */

/* Begin XCBuildConfiguration section */
		9B0FC7A71CE31CA70009BAF4 /* Debug */ = {
			isa = XCBuildConfiguration;
			buildSettings = {
				ALWAYS_SEARCH_USER_PATHS = NO;
				CLANG_ANALYZER_NONNULL = YES;
				CLANG_CXX_LANGUAGE_STANDARD = "gnu++0x";
				CLANG_CXX_LIBRARY = "libc++";
				CLANG_ENABLE_MODULES = YES;
				CLANG_ENABLE_OBJC_ARC = YES;
				CLANG_WARN_BOOL_CONVERSION = YES;
				CLANG_WARN_CONSTANT_CONVERSION = YES;
				CLANG_WARN_DIRECT_OBJC_ISA_USAGE = YES_ERROR;
				CLANG_WARN_EMPTY_BODY = YES;
				CLANG_WARN_ENUM_CONVERSION = YES;
				CLANG_WARN_INT_CONVERSION = YES;
				CLANG_WARN_OBJC_ROOT_CLASS = YES_ERROR;
				CLANG_WARN_UNREACHABLE_CODE = YES;
				CLANG_WARN__DUPLICATE_METHOD_MATCH = YES;
				CODE_SIGN_IDENTITY = "-";
				COPY_PHASE_STRIP = NO;
				DEBUG_INFORMATION_FORMAT = dwarf;
				ENABLE_STRICT_OBJC_MSGSEND = YES;
				ENABLE_TESTABILITY = YES;
				GCC_C_LANGUAGE_STANDARD = gnu99;
				GCC_DYNAMIC_NO_PIC = NO;
				GCC_NO_COMMON_BLOCKS = YES;
				GCC_OPTIMIZATION_LEVEL = 0;
				GCC_PREPROCESSOR_DEFINITIONS = (
					"DEBUG=1",
					"$(inherited)",
				);
				GCC_WARN_64_TO_32_BIT_CONVERSION = YES;
				GCC_WARN_ABOUT_RETURN_TYPE = YES_ERROR;
				GCC_WARN_UNDECLARED_SELECTOR = YES;
				GCC_WARN_UNINITIALIZED_AUTOS = YES_AGGRESSIVE;
				GCC_WARN_UNUSED_FUNCTION = YES;
				GCC_WARN_UNUSED_VARIABLE = YES;
				MACOSX_DEPLOYMENT_TARGET = 10.11;
				MTL_ENABLE_DEBUG_INFO = YES;
				ONLY_ACTIVE_ARCH = YES;
				SCAN_ALL_SOURCE_FILES_FOR_INCLUDES = NO;
				SDKROOT = macosx;
				SWIFT_OPTIMIZATION_LEVEL = "-Onone";
			};
			name = Debug;
		};
		9B0FC7A81CE31CA70009BAF4 /* Release */ = {
			isa = XCBuildConfiguration;
			buildSettings = {
				ALWAYS_SEARCH_USER_PATHS = NO;
				CLANG_ANALYZER_NONNULL = YES;
				CLANG_CXX_LANGUAGE_STANDARD = "gnu++0x";
				CLANG_CXX_LIBRARY = "libc++";
				CLANG_ENABLE_MODULES = YES;
				CLANG_ENABLE_OBJC_ARC = YES;
				CLANG_WARN_BOOL_CONVERSION = YES;
				CLANG_WARN_CONSTANT_CONVERSION = YES;
				CLANG_WARN_DIRECT_OBJC_ISA_USAGE = YES_ERROR;
				CLANG_WARN_EMPTY_BODY = YES;
				CLANG_WARN_ENUM_CONVERSION = YES;
				CLANG_WARN_INT_CONVERSION = YES;
				CLANG_WARN_OBJC_ROOT_CLASS = YES_ERROR;
				CLANG_WARN_UNREACHABLE_CODE = YES;
				CLANG_WARN__DUPLICATE_METHOD_MATCH = YES;
				CODE_SIGN_IDENTITY = "-";
				COPY_PHASE_STRIP = NO;
				DEBUG_INFORMATION_FORMAT = "dwarf-with-dsym";
				ENABLE_NS_ASSERTIONS = NO;
				ENABLE_STRICT_OBJC_MSGSEND = YES;
				GCC_C_LANGUAGE_STANDARD = gnu99;
				GCC_NO_COMMON_BLOCKS = YES;
				GCC_WARN_64_TO_32_BIT_CONVERSION = YES;
				GCC_WARN_ABOUT_RETURN_TYPE = YES_ERROR;
				GCC_WARN_UNDECLARED_SELECTOR = YES;
				GCC_WARN_UNINITIALIZED_AUTOS = YES_AGGRESSIVE;
				GCC_WARN_UNUSED_FUNCTION = YES;
				GCC_WARN_UNUSED_VARIABLE = YES;
				MACOSX_DEPLOYMENT_TARGET = 10.11;
				MTL_ENABLE_DEBUG_INFO = NO;
				SCAN_ALL_SOURCE_FILES_FOR_INCLUDES = NO;
				SDKROOT = macosx;
			};
			name = Release;
		};
		9B0FC7AA1CE31CA70009BAF4 /* Debug */ = {
			isa = XCBuildConfiguration;
			buildSettings = {
				CLANG_ENABLE_MODULES = YES;
				CLANG_WARN_DOCUMENTATION_COMMENTS = YES;
				GCC_C_LANGUAGE_STANDARD = "compiler-default";
				LD_RUNPATH_SEARCH_PATHS = "$(inherited) @executable_path/../Frameworks @loader_path/../Frameworks";
				PRODUCT_NAME = "$(TARGET_NAME)";
				SWIFT_OBJC_BRIDGING_HEADER = "Math/Math-Bridging-Header.h";
				SWIFT_OPTIMIZATION_LEVEL = "-O";
				SWIFT_VERSION = 3.0;
				TREAT_MISSING_BASELINES_AS_TEST_FAILURES = NO;
			};
			name = Debug;
		};
		9B0FC7AB1CE31CA70009BAF4 /* Release */ = {
			isa = XCBuildConfiguration;
			buildSettings = {
				CLANG_ENABLE_MODULES = YES;
				CLANG_WARN_DOCUMENTATION_COMMENTS = YES;
				GCC_C_LANGUAGE_STANDARD = "compiler-default";
				LD_RUNPATH_SEARCH_PATHS = "$(inherited) @executable_path/../Frameworks @loader_path/../Frameworks";
				PRODUCT_NAME = "$(TARGET_NAME)";
				SWIFT_OBJC_BRIDGING_HEADER = "Math/Math-Bridging-Header.h";
				SWIFT_OPTIMIZATION_LEVEL = "-Owholemodule";
				SWIFT_VERSION = 3.0;
				TREAT_MISSING_BASELINES_AS_TEST_FAILURES = NO;
			};
			name = Release;
		};
		9B0FC7C21CE31CC40009BAF4 /* Debug */ = {
			isa = XCBuildConfiguration;
			buildSettings = {
				COMBINE_HIDPI_IMAGES = YES;
				INFOPLIST_FILE = Test/Info.plist;
				LD_RUNPATH_SEARCH_PATHS = "$(inherited) @executable_path/../Frameworks @loader_path/../Frameworks";
				PRODUCT_BUNDLE_IDENTIFIER = Kraft.Test;
				PRODUCT_NAME = "$(TARGET_NAME)";
				SWIFT_VERSION = 3.0;
			};
			name = Debug;
		};
		9B0FC7C31CE31CC40009BAF4 /* Release */ = {
			isa = XCBuildConfiguration;
			buildSettings = {
				COMBINE_HIDPI_IMAGES = YES;
				INFOPLIST_FILE = Test/Info.plist;
				LD_RUNPATH_SEARCH_PATHS = "$(inherited) @executable_path/../Frameworks @loader_path/../Frameworks";
				PRODUCT_BUNDLE_IDENTIFIER = Kraft.Test;
				PRODUCT_NAME = "$(TARGET_NAME)";
				SWIFT_VERSION = 3.0;
			};
			name = Release;
		};
/* End XCBuildConfiguration section */

/* Begin XCConfigurationList section */
		9B0FC79D1CE31CA70009BAF4 /* Build configuration list for PBXProject "Math" */ = {
			isa = XCConfigurationList;
			buildConfigurations = (
				9B0FC7A71CE31CA70009BAF4 /* Debug */,
				9B0FC7A81CE31CA70009BAF4 /* Release */,
			);
			defaultConfigurationIsVisible = 0;
			defaultConfigurationName = Release;
		};
		9B0FC7A91CE31CA70009BAF4 /* Build configuration list for PBXNativeTarget "Math" */ = {
			isa = XCConfigurationList;
			buildConfigurations = (
				9B0FC7AA1CE31CA70009BAF4 /* Debug */,
				9B0FC7AB1CE31CA70009BAF4 /* Release */,
			);
			defaultConfigurationIsVisible = 0;
			defaultConfigurationName = Release;
		};
		9B0FC7C11CE31CC40009BAF4 /* Build configuration list for PBXNativeTarget "Test" */ = {
			isa = XCConfigurationList;
			buildConfigurations = (
				9B0FC7C21CE31CC40009BAF4 /* Debug */,
				9B0FC7C31CE31CC40009BAF4 /* Release */,
			);
			defaultConfigurationIsVisible = 0;
			defaultConfigurationName = Release;
		};
/* End XCConfigurationList section */
	};
	rootObject = 9B0FC79A1CE31CA70009BAF4 /* Project object */;
}
