// !$*UTF8*$!
{
	archiveVersion = 1;
	classes = {
	};
	objectVersion = 46;
	objects = {

/* Begin PBXBuildFile section */
		9B0FC7A61CE31CA70009BAF4 /* main.swift in Sources */ = {isa = PBXBuildFile; fileRef = 9B0FC7A51CE31CA70009BAF4 /* main.swift */; };
		9B0FC7B21CE31CB90009BAF4 /* Array.swift in Sources */ = {isa = PBXBuildFile; fileRef = 9B0FC7AC1CE31CB90009BAF4 /* Array.swift */; };
		9B0FC7B31CE31CB90009BAF4 /* Error.swift in Sources */ = {isa = PBXBuildFile; fileRef = 9B0FC7AD1CE31CB90009BAF4 /* Error.swift */; };
		9B0FC7B41CE31CB90009BAF4 /* General.swift in Sources */ = {isa = PBXBuildFile; fileRef = 9B0FC7AE1CE31CB90009BAF4 /* General.swift */; };
		9B0FC7B51CE31CB90009BAF4 /* Matrix.swift in Sources */ = {isa = PBXBuildFile; fileRef = 9B0FC7AF1CE31CB90009BAF4 /* Matrix.swift */; };
		9B0FC7B61CE31CB90009BAF4 /* Number.swift in Sources */ = {isa = PBXBuildFile; fileRef = 9B0FC7B01CE31CB90009BAF4 /* Number.swift */; };
		9B0FC7B71CE31CB90009BAF4 /* String.swift in Sources */ = {isa = PBXBuildFile; fileRef = 9B0FC7B11CE31CB90009BAF4 /* String.swift */; };
		9B0FC7BF1CE31CC40009BAF4 /* Test.swift in Sources */ = {isa = PBXBuildFile; fileRef = 9B0FC7BE1CE31CC40009BAF4 /* Test.swift */; };
		9B0FC7C41CE31CD30009BAF4 /* Array.swift in Sources */ = {isa = PBXBuildFile; fileRef = 9B0FC7AC1CE31CB90009BAF4 /* Array.swift */; };
		9B0FC7C51CE31CD30009BAF4 /* Error.swift in Sources */ = {isa = PBXBuildFile; fileRef = 9B0FC7AD1CE31CB90009BAF4 /* Error.swift */; };
		9B0FC7C61CE31CD30009BAF4 /* General.swift in Sources */ = {isa = PBXBuildFile; fileRef = 9B0FC7AE1CE31CB90009BAF4 /* General.swift */; };
		9B0FC7C71CE31CD30009BAF4 /* Matrix.swift in Sources */ = {isa = PBXBuildFile; fileRef = 9B0FC7AF1CE31CB90009BAF4 /* Matrix.swift */; };
		9B0FC7C81CE31CD30009BAF4 /* Number.swift in Sources */ = {isa = PBXBuildFile; fileRef = 9B0FC7B01CE31CB90009BAF4 /* Number.swift */; };
		9B0FC7C91CE31CD30009BAF4 /* String.swift in Sources */ = {isa = PBXBuildFile; fileRef = 9B0FC7B11CE31CB90009BAF4 /* String.swift */; };
		9B0FC7CB1CE31CE30009BAF4 /* StringTest.swift in Sources */ = {isa = PBXBuildFile; fileRef = 9B0FC7CA1CE31CE30009BAF4 /* StringTest.swift */; };
		9B0FC7CD1CE31CED0009BAF4 /* MatrixTest.swift in Sources */ = {isa = PBXBuildFile; fileRef = 9B0FC7CC1CE31CED0009BAF4 /* MatrixTest.swift */; };
		9B0FC7CF1CE31CF70009BAF4 /* NumberTest.swift in Sources */ = {isa = PBXBuildFile; fileRef = 9B0FC7CE1CE31CF70009BAF4 /* NumberTest.swift */; };
		9B36F7121CE34AAA007B52F6 /* Hashing.swift in Sources */ = {isa = PBXBuildFile; fileRef = 9B36F7111CE34AAA007B52F6 /* Hashing.swift */; };
		9BB8EDCD1CE3F3C400CF1A9D /* HashingTest.swift in Sources */ = {isa = PBXBuildFile; fileRef = 9BB8EDCC1CE3F3C400CF1A9D /* HashingTest.swift */; };
/* End PBXBuildFile section */

/* Begin PBXCopyFilesBuildPhase section */
		9B0FC7A01CE31CA70009BAF4 /* CopyFiles */ = {
			isa = PBXCopyFilesBuildPhase;
			buildActionMask = 2147483647;
			dstPath = /usr/share/man/man1/;
			dstSubfolderSpec = 0;
			files = (
			);
			runOnlyForDeploymentPostprocessing = 1;
		};
/* End PBXCopyFilesBuildPhase section */

/* Begin PBXFileReference section */
		9B0FC7A21CE31CA70009BAF4 /* Math */ = {isa = PBXFileReference; explicitFileType = "compiled.mach-o.executable"; includeInIndex = 0; path = Math; sourceTree = BUILT_PRODUCTS_DIR; };
		9B0FC7A51CE31CA70009BAF4 /* main.swift */ = {isa = PBXFileReference; lastKnownFileType = sourcecode.swift; path = main.swift; sourceTree = "<group>"; };
		9B0FC7AC1CE31CB90009BAF4 /* Array.swift */ = {isa = PBXFileReference; fileEncoding = 4; lastKnownFileType = sourcecode.swift; path = Array.swift; sourceTree = "<group>"; };
		9B0FC7AD1CE31CB90009BAF4 /* Error.swift */ = {isa = PBXFileReference; fileEncoding = 4; lastKnownFileType = sourcecode.swift; path = Error.swift; sourceTree = "<group>"; };
		9B0FC7AE1CE31CB90009BAF4 /* General.swift */ = {isa = PBXFileReference; fileEncoding = 4; lastKnownFileType = sourcecode.swift; path = General.swift; sourceTree = "<group>"; };
		9B0FC7AF1CE31CB90009BAF4 /* Matrix.swift */ = {isa = PBXFileReference; fileEncoding = 4; lastKnownFileType = sourcecode.swift; path = Matrix.swift; sourceTree = "<group>"; };
		9B0FC7B01CE31CB90009BAF4 /* Number.swift */ = {isa = PBXFileReference; fileEncoding = 4; lastKnownFileType = sourcecode.swift; path = Number.swift; sourceTree = "<group>"; };
		9B0FC7B11CE31CB90009BAF4 /* String.swift */ = {isa = PBXFileReference; fileEncoding = 4; lastKnownFileType = sourcecode.swift; path = String.swift; sourceTree = "<group>"; };
		9B0FC7BC1CE31CC40009BAF4 /* Test.xctest */ = {isa = PBXFileReference; explicitFileType = wrapper.cfbundle; includeInIndex = 0; path = Test.xctest; sourceTree = BUILT_PRODUCTS_DIR; };
		9B0FC7BE1CE31CC40009BAF4 /* Test.swift */ = {isa = PBXFileReference; lastKnownFileType = sourcecode.swift; path = Test.swift; sourceTree = "<group>"; };
		9B0FC7C01CE31CC40009BAF4 /* Info.plist */ = {isa = PBXFileReference; lastKnownFileType = text.plist.xml; path = Info.plist; sourceTree = "<group>"; };
		9B0FC7CA1CE31CE30009BAF4 /* StringTest.swift */ = {isa = PBXFileReference; fileEncoding = 4; lastKnownFileType = sourcecode.swift; path = StringTest.swift; sourceTree = "<group>"; };
		9B0FC7CC1CE31CED0009BAF4 /* MatrixTest.swift */ = {isa = PBXFileReference; fileEncoding = 4; lastKnownFileType = sourcecode.swift; path = MatrixTest.swift; sourceTree = "<group>"; };
		9B0FC7CE1CE31CF70009BAF4 /* NumberTest.swift */ = {isa = PBXFileReference; fileEncoding = 4; lastKnownFileType = sourcecode.swift; path = NumberTest.swift; sourceTree = "<group>"; };
		9B36F7111CE34AAA007B52F6 /* Hashing.swift */ = {isa = PBXFileReference; fileEncoding = 4; lastKnownFileType = sourcecode.swift; path = Hashing.swift; sourceTree = "<group>"; };
		9BB8EDCC1CE3F3C400CF1A9D /* HashingTest.swift */ = {isa = PBXFileReference; fileEncoding = 4; lastKnownFileType = sourcecode.swift; path = HashingTest.swift; sourceTree = "<group>"; };
/* End PBXFileReference section */

/* Begin PBXFrameworksBuildPhase section */
		9B0FC79F1CE31CA70009BAF4 /* Frameworks */ = {
			isa = PBXFrameworksBuildPhase;
			buildActionMask = 2147483647;
			files = (
			);
			runOnlyForDeploymentPostprocessing = 0;
		};
		9B0FC7B91CE31CC40009BAF4 /* Frameworks */ = {
			isa = PBXFrameworksBuildPhase;
			buildActionMask = 2147483647;
			files = (
			);
			runOnlyForDeploymentPostprocessing = 0;
		};
/* End PBXFrameworksBuildPhase section */

/* Begin PBXGroup section */
		9B0FC7991CE31CA70009BAF4 = {
			isa = PBXGroup;
			children = (
				9B0FC7A41CE31CA70009BAF4 /* Math */,
				9B0FC7BD1CE31CC40009BAF4 /* Test */,
				9B0FC7A31CE31CA70009BAF4 /* Products */,
			);
			sourceTree = "<group>";
		};
		9B0FC7A31CE31CA70009BAF4 /* Products */ = {
			isa = PBXGroup;
			children = (
				9B0FC7A21CE31CA70009BAF4 /* Math */,
				9B0FC7BC1CE31CC40009BAF4 /* Test.xctest */,
			);
			name = Products;
			sourceTree = "<group>";
		};
		9B0FC7A41CE31CA70009BAF4 /* Math */ = {
			isa = PBXGroup;
			children = (
				9B0FC7A51CE31CA70009BAF4 /* main.swift */,
				9B36F7111CE34AAA007B52F6 /* Hashing.swift */,
				9B0FC7AC1CE31CB90009BAF4 /* Array.swift */,
				9B0FC7AD1CE31CB90009BAF4 /* Error.swift */,
				9B0FC7AE1CE31CB90009BAF4 /* General.swift */,
				9B0FC7AF1CE31CB90009BAF4 /* Matrix.swift */,
				9B0FC7B01CE31CB90009BAF4 /* Number.swift */,
				9B0FC7B11CE31CB90009BAF4 /* String.swift */,
			);
			path = Math;
			sourceTree = "<group>";
		};
		9B0FC7BD1CE31CC40009BAF4 /* Test */ = {
			isa = PBXGroup;
			children = (
				9BB8EDCC1CE3F3C400CF1A9D /* HashingTest.swift */,
				9B0FC7CE1CE31CF70009BAF4 /* NumberTest.swift */,
				9B0FC7CC1CE31CED0009BAF4 /* MatrixTest.swift */,
				9B0FC7CA1CE31CE30009BAF4 /* StringTest.swift */,
				9B0FC7BE1CE31CC40009BAF4 /* Test.swift */,
				9B0FC7C01CE31CC40009BAF4 /* Info.plist */,
			);
			path = Test;
			sourceTree = "<group>";
		};
/* End PBXGroup section */

/* Begin PBXNativeTarget section */
		9B0FC7A11CE31CA70009BAF4 /* Math */ = {
			isa = PBXNativeTarget;
			buildConfigurationList = 9B0FC7A91CE31CA70009BAF4 /* Build configuration list for PBXNativeTarget "Math" */;
			buildPhases = (
				9B19FF241CE5ED9A0045E59E /* ShellScript */,
				9B0FC79E1CE31CA70009BAF4 /* Sources */,
				9B0FC79F1CE31CA70009BAF4 /* Frameworks */,
				9B0FC7A01CE31CA70009BAF4 /* CopyFiles */,
			);
			buildRules = (
			);
			dependencies = (
			);
			name = Math;
			productName = Math;
			productReference = 9B0FC7A21CE31CA70009BAF4 /* Math */;
			productType = "com.apple.product-type.tool";
		};
		9B0FC7BB1CE31CC40009BAF4 /* Test */ = {
			isa = PBXNativeTarget;
			buildConfigurationList = 9B0FC7C11CE31CC40009BAF4 /* Build configuration list for PBXNativeTarget "Test" */;
			buildPhases = (
				9B0FC7B81CE31CC40009BAF4 /* Sources */,
				9B0FC7B91CE31CC40009BAF4 /* Frameworks */,
				9B0FC7BA1CE31CC40009BAF4 /* Resources */,
			);
			buildRules = (
			);
			dependencies = (
			);
			name = Test;
			productName = Test;
			productReference = 9B0FC7BC1CE31CC40009BAF4 /* Test.xctest */;
			productType = "com.apple.product-type.bundle.unit-test";
		};
/* End PBXNativeTarget section */

/* Begin PBXProject section */
		9B0FC79A1CE31CA70009BAF4 /* Project object */ = {
			isa = PBXProject;
			attributes = {
				LastSwiftUpdateCheck = 0730;
				LastUpgradeCheck = 0730;
				ORGANIZATIONNAME = pauljohanneskraft;
				TargetAttributes = {
					9B0FC7A11CE31CA70009BAF4 = {
						CreatedOnToolsVersion = 7.3.1;
					};
					9B0FC7BB1CE31CC40009BAF4 = {
						CreatedOnToolsVersion = 7.3.1;
					};
				};
			};
			buildConfigurationList = 9B0FC79D1CE31CA70009BAF4 /* Build configuration list for PBXProject "Math" */;
			compatibilityVersion = "Xcode 3.2";
			developmentRegion = English;
			hasScannedForEncodings = 0;
			knownRegions = (
				en,
			);
			mainGroup = 9B0FC7991CE31CA70009BAF4;
			productRefGroup = 9B0FC7A31CE31CA70009BAF4 /* Products */;
			projectDirPath = "";
			projectRoot = "";
			targets = (
				9B0FC7A11CE31CA70009BAF4 /* Math */,
				9B0FC7BB1CE31CC40009BAF4 /* Test */,
			);
		};
/* End PBXProject section */

/* Begin PBXResourcesBuildPhase section */
		9B0FC7BA1CE31CC40009BAF4 /* Resources */ = {
			isa = PBXResourcesBuildPhase;
			buildActionMask = 2147483647;
			files = (
			);
			runOnlyForDeploymentPostprocessing = 0;
		};
/* End PBXResourcesBuildPhase section */

/* Begin PBXShellScriptBuildPhase section */
		9B19FF241CE5ED9A0045E59E /* ShellScript */ = {
			isa = PBXShellScriptBuildPhase;
			buildActionMask = 2147483647;
			files = (
			);
			inputPaths = (
			);
			outputPaths = (
			);
			runOnlyForDeploymentPostprocessing = 0;
			shellPath = /bin/sh;
			shellScript = "TAGS=\"TODO|FIX|PERFORMANCE|IDEA|WARNING\"\nERRORTAG=\"ERROR\"\nfind \"${SRCROOT}\" \\( -name \"*.h\" -or -name \"*.m\" -or -name \"*.swift\" \\) -print0 | xargs -0 egrep --with-filename --line-number --only-matching \"($TAGS).*\\$|($ERRORTAG).*\\$\" | perl -p -e \"s/($TAGS)/ warning: \\$1/\" | perl -p -e \"s/($ERRORTAG)/ error: \\$1/\"";
			showEnvVarsInLog = 0;
		};
/* End PBXShellScriptBuildPhase section */

/* Begin PBXSourcesBuildPhase section */
		9B0FC79E1CE31CA70009BAF4 /* Sources */ = {
			isa = PBXSourcesBuildPhase;
			buildActionMask = 2147483647;
			files = (
				9B0FC7A61CE31CA70009BAF4 /* main.swift in Sources */,
				9B0FC7B51CE31CB90009BAF4 /* Matrix.swift in Sources */,
				9B36F7121CE34AAA007B52F6 /* Hashing.swift in Sources */,
				9B0FC7B61CE31CB90009BAF4 /* Number.swift in Sources */,
				9B0FC7B31CE31CB90009BAF4 /* Error.swift in Sources */,
				9B0FC7B71CE31CB90009BAF4 /* String.swift in Sources */,
				9B0FC7B41CE31CB90009BAF4 /* General.swift in Sources */,
				9B0FC7B21CE31CB90009BAF4 /* Array.swift in Sources */,
			);
			runOnlyForDeploymentPostprocessing = 0;
		};
		9B0FC7B81CE31CC40009BAF4 /* Sources */ = {
			isa = PBXSourcesBuildPhase;
			buildActionMask = 2147483647;
			files = (
				9BB8EDCD1CE3F3C400CF1A9D /* HashingTest.swift in Sources */,
				9B0FC7C41CE31CD30009BAF4 /* Array.swift in Sources */,
				9B0FC7C51CE31CD30009BAF4 /* Error.swift in Sources */,
				9B0FC7CF1CE31CF70009BAF4 /* NumberTest.swift in Sources */,
				9B0FC7CD1CE31CED0009BAF4 /* MatrixTest.swift in Sources */,
				9B0FC7CB1CE31CE30009BAF4 /* StringTest.swift in Sources */,
				9B0FC7C61CE31CD30009BAF4 /* General.swift in Sources */,
				9B0FC7C71CE31CD30009BAF4 /* Matrix.swift in Sources */,
				9B0FC7C81CE31CD30009BAF4 /* Number.swift in Sources */,
				9B0FC7C91CE31CD30009BAF4 /* String.swift in Sources */,
				9B0FC7BF1CE31CC40009BAF4 /* Test.swift in Sources */,
			);
			runOnlyForDeploymentPostprocessing = 0;
		};
/* End PBXSourcesBuildPhase section */

/* Begin XCBuildConfiguration section */
		9B0FC7A71CE31CA70009BAF4 /* Debug */ = {
			isa = XCBuildConfiguration;
			buildSettings = {
				ALWAYS_SEARCH_USER_PATHS = NO;
				CLANG_ANALYZER_NONNULL = YES;
				CLANG_CXX_LANGUAGE_STANDARD = "gnu++0x";
				CLANG_CXX_LIBRARY = "libc++";
				CLANG_ENABLE_MODULES = YES;
				CLANG_ENABLE_OBJC_ARC = YES;
				CLANG_WARN_BOOL_CONVERSION = YES;
				CLANG_WARN_CONSTANT_CONVERSION = YES;
				CLANG_WARN_DIRECT_OBJC_ISA_USAGE = YES_ERROR;
				CLANG_WARN_EMPTY_BODY = YES;
				CLANG_WARN_ENUM_CONVERSION = YES;
				CLANG_WARN_INT_CONVERSION = YES;
				CLANG_WARN_OBJC_ROOT_CLASS = YES_ERROR;
				CLANG_WARN_UNREACHABLE_CODE = YES;
				CLANG_WARN__DUPLICATE_METHOD_MATCH = YES;
				CODE_SIGN_IDENTITY = "-";
				COPY_PHASE_STRIP = NO;
				DEBUG_INFORMATION_FORMAT = dwarf;
				ENABLE_STRICT_OBJC_MSGSEND = YES;
				ENABLE_TESTABILITY = YES;
				GCC_C_LANGUAGE_STANDARD = gnu99;
				GCC_DYNAMIC_NO_PIC = NO;
				GCC_NO_COMMON_BLOCKS = YES;
				GCC_OPTIMIZATION_LEVEL = 0;
				GCC_PREPROCESSOR_DEFINITIONS = (
					"DEBUG=1",
					"$(inherited)",
				);
				GCC_WARN_64_TO_32_BIT_CONVERSION = YES;
				GCC_WARN_ABOUT_RETURN_TYPE = YES_ERROR;
				GCC_WARN_UNDECLARED_SELECTOR = YES;
				GCC_WARN_UNINITIALIZED_AUTOS = YES_AGGRESSIVE;
				GCC_WARN_UNUSED_FUNCTION = YES;
				GCC_WARN_UNUSED_VARIABLE = YES;
				MACOSX_DEPLOYMENT_TARGET = 10.11;
				MTL_ENABLE_DEBUG_INFO = YES;
				ONLY_ACTIVE_ARCH = YES;
				SDKROOT = macosx;
				SWIFT_OPTIMIZATION_LEVEL = "-Onone";
			};
			name = Debug;
		};
		9B0FC7A81CE31CA70009BAF4 /* Release */ = {
			isa = XCBuildConfiguration;
			buildSettings = {
				ALWAYS_SEARCH_USER_PATHS = NO;
				CLANG_ANALYZER_NONNULL = YES;
				CLANG_CXX_LANGUAGE_STANDARD = "gnu++0x";
				CLANG_CXX_LIBRARY = "libc++";
				CLANG_ENABLE_MODULES = YES;
				CLANG_ENABLE_OBJC_ARC = YES;
				CLANG_WARN_BOOL_CONVERSION = YES;
				CLANG_WARN_CONSTANT_CONVERSION = YES;
				CLANG_WARN_DIRECT_OBJC_ISA_USAGE = YES_ERROR;
				CLANG_WARN_EMPTY_BODY = YES;
				CLANG_WARN_ENUM_CONVERSION = YES;
				CLANG_WARN_INT_CONVERSION = YES;
				CLANG_WARN_OBJC_ROOT_CLASS = YES_ERROR;
				CLANG_WARN_UNREACHABLE_CODE = YES;
				CLANG_WARN__DUPLICATE_METHOD_MATCH = YES;
				CODE_SIGN_IDENTITY = "-";
				COPY_PHASE_STRIP = NO;
				DEBUG_INFORMATION_FORMAT = "dwarf-with-dsym";
				ENABLE_NS_ASSERTIONS = NO;
				ENABLE_STRICT_OBJC_MSGSEND = YES;
				GCC_C_LANGUAGE_STANDARD = gnu99;
				GCC_NO_COMMON_BLOCKS = YES;
				GCC_WARN_64_TO_32_BIT_CONVERSION = YES;
				GCC_WARN_ABOUT_RETURN_TYPE = YES_ERROR;
				GCC_WARN_UNDECLARED_SELECTOR = YES;
				GCC_WARN_UNINITIALIZED_AUTOS = YES_AGGRESSIVE;
				GCC_WARN_UNUSED_FUNCTION = YES;
				GCC_WARN_UNUSED_VARIABLE = YES;
				MACOSX_DEPLOYMENT_TARGET = 10.11;
				MTL_ENABLE_DEBUG_INFO = NO;
				SDKROOT = macosx;
			};
			name = Release;
		};
		9B0FC7AA1CE31CA70009BAF4 /* Debug */ = {
			isa = XCBuildConfiguration;
			buildSettings = {
				PRODUCT_NAME = "$(TARGET_NAME)";
			};
			name = Debug;
		};
		9B0FC7AB1CE31CA70009BAF4 /* Release */ = {
			isa = XCBuildConfiguration;
			buildSettings = {
				PRODUCT_NAME = "$(TARGET_NAME)";
			};
			name = Release;
		};
		9B0FC7C21CE31CC40009BAF4 /* Debug */ = {
			isa = XCBuildConfiguration;
			buildSettings = {
				COMBINE_HIDPI_IMAGES = YES;
				INFOPLIST_FILE = Test/Info.plist;
				LD_RUNPATH_SEARCH_PATHS = "$(inherited) @executable_path/../Frameworks @loader_path/../Frameworks";
				PRODUCT_BUNDLE_IDENTIFIER = Kraft.Test;
				PRODUCT_NAME = "$(TARGET_NAME)";
			};
			name = Debug;
		};
		9B0FC7C31CE31CC40009BAF4 /* Release */ = {
			isa = XCBuildConfiguration;
			buildSettings = {
				COMBINE_HIDPI_IMAGES = YES;
				INFOPLIST_FILE = Test/Info.plist;
				LD_RUNPATH_SEARCH_PATHS = "$(inherited) @executable_path/../Frameworks @loader_path/../Frameworks";
				PRODUCT_BUNDLE_IDENTIFIER = Kraft.Test;
				PRODUCT_NAME = "$(TARGET_NAME)";
			};
			name = Release;
		};
/* End XCBuildConfiguration section */

/* Begin XCConfigurationList section */
		9B0FC79D1CE31CA70009BAF4 /* Build configuration list for PBXProject "Math" */ = {
			isa = XCConfigurationList;
			buildConfigurations = (
				9B0FC7A71CE31CA70009BAF4 /* Debug */,
				9B0FC7A81CE31CA70009BAF4 /* Release */,
			);
			defaultConfigurationIsVisible = 0;
			defaultConfigurationName = Release;
		};
		9B0FC7A91CE31CA70009BAF4 /* Build configuration list for PBXNativeTarget "Math" */ = {
			isa = XCConfigurationList;
			buildConfigurations = (
				9B0FC7AA1CE31CA70009BAF4 /* Debug */,
				9B0FC7AB1CE31CA70009BAF4 /* Release */,
			);
			defaultConfigurationIsVisible = 0;
			defaultConfigurationName = Release;
		};
		9B0FC7C11CE31CC40009BAF4 /* Build configuration list for PBXNativeTarget "Test" */ = {
			isa = XCConfigurationList;
			buildConfigurations = (
				9B0FC7C21CE31CC40009BAF4 /* Debug */,
				9B0FC7C31CE31CC40009BAF4 /* Release */,
			);
			defaultConfigurationIsVisible = 0;
			defaultConfigurationName = Release;
		};
/* End XCConfigurationList section */
	};
	rootObject = 9B0FC79A1CE31CA70009BAF4 /* Project object */;
}
