// !$*UTF8*$!
{
	archiveVersion = 1;
	classes = {
	};
	objectVersion = 46;
	objects = {

/* Begin PBXBuildFile section */
		9B09603D1D4EB14900ED8517 /* DataTypeTest.swift in Sources */ = {isa = PBXBuildFile; fileRef = 9B09603C1D4EB14900ED8517 /* DataTypeTest.swift */; };
		9B4733C51D4ACBE00055A7E8 /* Math.framework in Frameworks */ = {isa = PBXBuildFile; fileRef = 9B4733B11D4ACBB80055A7E8 /* Math.framework */; };
		9B4734141D4AD34D0055A7E8 /* ConstantsTest.swift in Sources */ = {isa = PBXBuildFile; fileRef = 9B4734131D4AD34D0055A7E8 /* ConstantsTest.swift */; };
		9B4734161D4AD4DF0055A7E8 /* MatrixTests.swift in Sources */ = {isa = PBXBuildFile; fileRef = 9B4734151D4AD4DF0055A7E8 /* MatrixTests.swift */; };
		9B4734181D4AD4EC0055A7E8 /* GroupTests.swift in Sources */ = {isa = PBXBuildFile; fileRef = 9B4734171D4AD4EC0055A7E8 /* GroupTests.swift */; };
		9B47341A1D4AD50A0055A7E8 /* NumericTests.swift in Sources */ = {isa = PBXBuildFile; fileRef = 9B4734191D4AD50A0055A7E8 /* NumericTests.swift */; };
		9B47341C1D4AD5130055A7E8 /* RationalNumberTests.swift in Sources */ = {isa = PBXBuildFile; fileRef = 9B47341B1D4AD5130055A7E8 /* RationalNumberTests.swift */; };
		9B47341E1D4AD51D0055A7E8 /* ComplexTests.swift in Sources */ = {isa = PBXBuildFile; fileRef = 9B47341D1D4AD51D0055A7E8 /* ComplexTests.swift */; };
		9B4734201D4AD5360055A7E8 /* EnhancedNumberTests.swift in Sources */ = {isa = PBXBuildFile; fileRef = 9B47341F1D4AD5360055A7E8 /* EnhancedNumberTests.swift */; };
		9B5BE2501D72E386006C5B96 /* TeXTests.swift in Sources */ = {isa = PBXBuildFile; fileRef = 9B5BE24F1D72E386006C5B96 /* TeXTests.swift */; };
		9B5BE2531D72E3F0006C5B96 /* RingTests.swift in Sources */ = {isa = PBXBuildFile; fileRef = 9B5BE2521D72E3F0006C5B96 /* RingTests.swift */; };
		9B5BE2551D72E3F9006C5B96 /* ModuleTests.swift in Sources */ = {isa = PBXBuildFile; fileRef = 9B5BE2541D72E3F9006C5B96 /* ModuleTests.swift */; };
		9B5BE2571D72E415006C5B96 /* EquationTests.swift in Sources */ = {isa = PBXBuildFile; fileRef = 9B5BE2561D72E415006C5B96 /* EquationTests.swift */; };
		9B5BE2591D72E426006C5B96 /* _PolynomialTests.swift in Sources */ = {isa = PBXBuildFile; fileRef = 9B5BE2581D72E426006C5B96 /* _PolynomialTests.swift */; };
		9B5BE25B1D72E433006C5B96 /* PolynomialTests.swift in Sources */ = {isa = PBXBuildFile; fileRef = 9B5BE25A1D72E433006C5B96 /* PolynomialTests.swift */; };
		9B5BE25D1D72E43F006C5B96 /* PolynomialFunctionTests.swift in Sources */ = {isa = PBXBuildFile; fileRef = 9B5BE25C1D72E43F006C5B96 /* PolynomialFunctionTests.swift */; };
		9B5BE25F1D72E450006C5B96 /* ConstantFunctionTests.swift in Sources */ = {isa = PBXBuildFile; fileRef = 9B5BE25E1D72E450006C5B96 /* ConstantFunctionTests.swift */; };
		9B5BE2611D72E466006C5B96 /* CustomFunctionTests.swift in Sources */ = {isa = PBXBuildFile; fileRef = 9B5BE2601D72E466006C5B96 /* CustomFunctionTests.swift */; };
		9B5BE2631D72E47B006C5B96 /* TrigonometricFunctionTests.swift in Sources */ = {isa = PBXBuildFile; fileRef = 9B5BE2621D72E47B006C5B96 /* TrigonometricFunctionTests.swift */; };
		9B5BE2651D72E49D006C5B96 /* GrowthTests.swift in Sources */ = {isa = PBXBuildFile; fileRef = 9B5BE2641D72E49D006C5B96 /* GrowthTests.swift */; };
		9B5BE2671D72E4B3006C5B96 /* FractionTests.swift in Sources */ = {isa = PBXBuildFile; fileRef = 9B5BE2661D72E4B3006C5B96 /* FractionTests.swift */; };
		9B5BE26A1D72E4FA006C5B96 /* AdvancedNumericTests.swift in Sources */ = {isa = PBXBuildFile; fileRef = 9B5BE2691D72E4FA006C5B96 /* AdvancedNumericTests.swift */; };
		9B5BE26D1D72F9FD006C5B96 /* LinuxCompatibilityTests.swift in Sources */ = {isa = PBXBuildFile; fileRef = 9B5BE26C1D72F9FD006C5B96 /* LinuxCompatibilityTests.swift */; };
		9B71D3ED1D4BF1C6001C5BE9 /* TermTests.swift in Sources */ = {isa = PBXBuildFile; fileRef = 9B71D3EC1D4BF1C6001C5BE9 /* TermTests.swift */; };
		9BC8BBDB1D6F0E1D0010AC02 /* BasicArithmeticTests.swift in Sources */ = {isa = PBXBuildFile; fileRef = 9BC8BBDA1D6F0E1D0010AC02 /* BasicArithmeticTests.swift */; };
		9BD8A6821D705C2F00C2618E /* _Polynomial.swift in Sources */ = {isa = PBXBuildFile; fileRef = 9BD8A6631D705C2F00C2618E /* _Polynomial.swift */; };
		9BD8A6831D705C2F00C2618E /* AdvancedNumeric.swift in Sources */ = {isa = PBXBuildFile; fileRef = 9BD8A6641D705C2F00C2618E /* AdvancedNumeric.swift */; };
		9BD8A6841D705C2F00C2618E /* AdvancedNumericTypeExtensions.swift in Sources */ = {isa = PBXBuildFile; fileRef = 9BD8A6651D705C2F00C2618E /* AdvancedNumericTypeExtensions.swift */; };
		9BD8A6851D705C2F00C2618E /* BasicArithmetic.swift in Sources */ = {isa = PBXBuildFile; fileRef = 9BD8A6661D705C2F00C2618E /* BasicArithmetic.swift */; };
		9BD8A6861D705C2F00C2618E /* Complex.swift in Sources */ = {isa = PBXBuildFile; fileRef = 9BD8A6671D705C2F00C2618E /* Complex.swift */; };
		9BD8A6871D705C2F00C2618E /* ConstantFunction.swift in Sources */ = {isa = PBXBuildFile; fileRef = 9BD8A6681D705C2F00C2618E /* ConstantFunction.swift */; };
		9BD8A6881D705C2F00C2618E /* Constants.swift in Sources */ = {isa = PBXBuildFile; fileRef = 9BD8A6691D705C2F00C2618E /* Constants.swift */; };
		9BD8A6891D705C2F00C2618E /* CustomFunction.swift in Sources */ = {isa = PBXBuildFile; fileRef = 9BD8A66A1D705C2F00C2618E /* CustomFunction.swift */; };
		9BD8A68A1D705C2F00C2618E /* EnhancedNumber.swift in Sources */ = {isa = PBXBuildFile; fileRef = 9BD8A66B1D705C2F00C2618E /* EnhancedNumber.swift */; };
		9BD8A68B1D705C2F00C2618E /* Equation.swift in Sources */ = {isa = PBXBuildFile; fileRef = 9BD8A66C1D705C2F00C2618E /* Equation.swift */; };
		9BD8A68C1D705C2F00C2618E /* ExponentialFunction.swift in Sources */ = {isa = PBXBuildFile; fileRef = 9BD8A66D1D705C2F00C2618E /* ExponentialFunction.swift */; };
		9BD8A68D1D705C2F00C2618E /* Fraction.swift in Sources */ = {isa = PBXBuildFile; fileRef = 9BD8A66E1D705C2F00C2618E /* Fraction.swift */; };
		9BD8A68E1D705C2F00C2618E /* Function.swift in Sources */ = {isa = PBXBuildFile; fileRef = 9BD8A66F1D705C2F00C2618E /* Function.swift */; };
		9BD8A68F1D705C2F00C2618E /* GroupLike.swift in Sources */ = {isa = PBXBuildFile; fileRef = 9BD8A6701D705C2F00C2618E /* GroupLike.swift */; };
		9BD8A6901D705C2F00C2618E /* GroupLikeProtocols.swift in Sources */ = {isa = PBXBuildFile; fileRef = 9BD8A6711D705C2F00C2618E /* GroupLikeProtocols.swift */; };
		9BD8A6911D705C2F00C2618E /* Growth.swift in Sources */ = {isa = PBXBuildFile; fileRef = 9BD8A6721D705C2F00C2618E /* Growth.swift */; };
		9BD8A6931D705C2F00C2618E /* LaTeXConvertible.swift in Sources */ = {isa = PBXBuildFile; fileRef = 9BD8A6741D705C2F00C2618E /* LaTeXConvertible.swift */; };
		9BD8A6941D705C2F00C2618E /* Matrix.swift in Sources */ = {isa = PBXBuildFile; fileRef = 9BD8A6751D705C2F00C2618E /* Matrix.swift */; };
		9BD8A6951D705C2F00C2618E /* ModuleLike.swift in Sources */ = {isa = PBXBuildFile; fileRef = 9BD8A6761D705C2F00C2618E /* ModuleLike.swift */; };
		9BD8A6961D705C2F00C2618E /* ModuleLikeProtocols.swift in Sources */ = {isa = PBXBuildFile; fileRef = 9BD8A6771D705C2F00C2618E /* ModuleLikeProtocols.swift */; };
		9BD8A6971D705C2F00C2618E /* Numbers.swift in Sources */ = {isa = PBXBuildFile; fileRef = 9BD8A6781D705C2F00C2618E /* Numbers.swift */; };
		9BD8A6981D705C2F00C2618E /* Numeric.swift in Sources */ = {isa = PBXBuildFile; fileRef = 9BD8A6791D705C2F00C2618E /* Numeric.swift */; };
		9BD8A6991D705C2F00C2618E /* Polynomial.swift in Sources */ = {isa = PBXBuildFile; fileRef = 9BD8A67A1D705C2F00C2618E /* Polynomial.swift */; };
		9BD8A69A1D705C2F00C2618E /* PolynomialFields.swift in Sources */ = {isa = PBXBuildFile; fileRef = 9BD8A67B1D705C2F00C2618E /* PolynomialFields.swift */; };
		9BD8A69B1D705C2F00C2618E /* PolynomialFunction.swift in Sources */ = {isa = PBXBuildFile; fileRef = 9BD8A67C1D705C2F00C2618E /* PolynomialFunction.swift */; };
		9BD8A69C1D705C2F00C2618E /* RationalNumber.swift in Sources */ = {isa = PBXBuildFile; fileRef = 9BD8A67D1D705C2F00C2618E /* RationalNumber.swift */; };
		9BD8A69D1D705C2F00C2618E /* RingLike.swift in Sources */ = {isa = PBXBuildFile; fileRef = 9BD8A67E1D705C2F00C2618E /* RingLike.swift */; };
		9BD8A69E1D705C2F00C2618E /* RingLikeProtocols.swift in Sources */ = {isa = PBXBuildFile; fileRef = 9BD8A67F1D705C2F00C2618E /* RingLikeProtocols.swift */; };
		9BD8A69F1D705C2F00C2618E /* Term.swift in Sources */ = {isa = PBXBuildFile; fileRef = 9BD8A6801D705C2F00C2618E /* Term.swift */; };
		9BD8A6A01D705C2F00C2618E /* TrigonometricFunctions.swift in Sources */ = {isa = PBXBuildFile; fileRef = 9BD8A6811D705C2F00C2618E /* TrigonometricFunctions.swift */; };
		9BD8A6A31D705D6500C2618E /* LinuxSupport.swift in Sources */ = {isa = PBXBuildFile; fileRef = 9BD8A6A21D705D6500C2618E /* LinuxSupport.swift */; };
/* End PBXBuildFile section */

/* Begin PBXContainerItemProxy section */
		9B4733C61D4ACBE00055A7E8 /* PBXContainerItemProxy */ = {
			isa = PBXContainerItemProxy;
			containerPortal = 9B4733A81D4ACBB80055A7E8 /* Project object */;
			proxyType = 1;
			remoteGlobalIDString = 9B4733B01D4ACBB80055A7E8;
			remoteInfo = Math;
		};
/* End PBXContainerItemProxy section */

/* Begin PBXFileReference section */
		9B09603C1D4EB14900ED8517 /* DataTypeTest.swift */ = {isa = PBXFileReference; fileEncoding = 4; lastKnownFileType = sourcecode.swift; path = DataTypeTest.swift; sourceTree = "<group>"; };
		9B4733B11D4ACBB80055A7E8 /* Math.framework */ = {isa = PBXFileReference; explicitFileType = wrapper.framework; includeInIndex = 0; path = Math.framework; sourceTree = BUILT_PRODUCTS_DIR; };
		9B4733C01D4ACBE00055A7E8 /* MathTests.xctest */ = {isa = PBXFileReference; explicitFileType = wrapper.cfbundle; includeInIndex = 0; path = MathTests.xctest; sourceTree = BUILT_PRODUCTS_DIR; };
		9B4733C41D4ACBE00055A7E8 /* Info.plist */ = {isa = PBXFileReference; lastKnownFileType = text.plist.xml; path = Info.plist; sourceTree = "<group>"; };
		9B4734131D4AD34D0055A7E8 /* ConstantsTest.swift */ = {isa = PBXFileReference; fileEncoding = 4; lastKnownFileType = sourcecode.swift; path = ConstantsTest.swift; sourceTree = "<group>"; };
		9B4734151D4AD4DF0055A7E8 /* MatrixTests.swift */ = {isa = PBXFileReference; fileEncoding = 4; lastKnownFileType = sourcecode.swift; path = MatrixTests.swift; sourceTree = "<group>"; };
		9B4734171D4AD4EC0055A7E8 /* GroupTests.swift */ = {isa = PBXFileReference; fileEncoding = 4; lastKnownFileType = sourcecode.swift; path = GroupTests.swift; sourceTree = "<group>"; };
		9B4734191D4AD50A0055A7E8 /* NumericTests.swift */ = {isa = PBXFileReference; fileEncoding = 4; lastKnownFileType = sourcecode.swift; path = NumericTests.swift; sourceTree = "<group>"; };
		9B47341B1D4AD5130055A7E8 /* RationalNumberTests.swift */ = {isa = PBXFileReference; fileEncoding = 4; lastKnownFileType = sourcecode.swift; path = RationalNumberTests.swift; sourceTree = "<group>"; };
		9B47341D1D4AD51D0055A7E8 /* ComplexTests.swift */ = {isa = PBXFileReference; fileEncoding = 4; lastKnownFileType = sourcecode.swift; path = ComplexTests.swift; sourceTree = "<group>"; };
		9B47341F1D4AD5360055A7E8 /* EnhancedNumberTests.swift */ = {isa = PBXFileReference; fileEncoding = 4; lastKnownFileType = sourcecode.swift; path = EnhancedNumberTests.swift; sourceTree = "<group>"; };
		9B5BE24F1D72E386006C5B96 /* TeXTests.swift */ = {isa = PBXFileReference; fileEncoding = 4; lastKnownFileType = sourcecode.swift; path = TeXTests.swift; sourceTree = "<group>"; };
		9B5BE2521D72E3F0006C5B96 /* RingTests.swift */ = {isa = PBXFileReference; fileEncoding = 4; lastKnownFileType = sourcecode.swift; path = RingTests.swift; sourceTree = "<group>"; };
		9B5BE2541D72E3F9006C5B96 /* ModuleTests.swift */ = {isa = PBXFileReference; fileEncoding = 4; lastKnownFileType = sourcecode.swift; path = ModuleTests.swift; sourceTree = "<group>"; };
		9B5BE2561D72E415006C5B96 /* EquationTests.swift */ = {isa = PBXFileReference; fileEncoding = 4; lastKnownFileType = sourcecode.swift; path = EquationTests.swift; sourceTree = "<group>"; };
		9B5BE2581D72E426006C5B96 /* _PolynomialTests.swift */ = {isa = PBXFileReference; fileEncoding = 4; lastKnownFileType = sourcecode.swift; path = _PolynomialTests.swift; sourceTree = "<group>"; };
		9B5BE25A1D72E433006C5B96 /* PolynomialTests.swift */ = {isa = PBXFileReference; fileEncoding = 4; lastKnownFileType = sourcecode.swift; path = PolynomialTests.swift; sourceTree = "<group>"; };
		9B5BE25C1D72E43F006C5B96 /* PolynomialFunctionTests.swift */ = {isa = PBXFileReference; fileEncoding = 4; lastKnownFileType = sourcecode.swift; path = PolynomialFunctionTests.swift; sourceTree = "<group>"; };
		9B5BE25E1D72E450006C5B96 /* ConstantFunctionTests.swift */ = {isa = PBXFileReference; fileEncoding = 4; lastKnownFileType = sourcecode.swift; path = ConstantFunctionTests.swift; sourceTree = "<group>"; };
		9B5BE2601D72E466006C5B96 /* CustomFunctionTests.swift */ = {isa = PBXFileReference; fileEncoding = 4; lastKnownFileType = sourcecode.swift; path = CustomFunctionTests.swift; sourceTree = "<group>"; };
		9B5BE2621D72E47B006C5B96 /* TrigonometricFunctionTests.swift */ = {isa = PBXFileReference; fileEncoding = 4; lastKnownFileType = sourcecode.swift; path = TrigonometricFunctionTests.swift; sourceTree = "<group>"; };
		9B5BE2641D72E49D006C5B96 /* GrowthTests.swift */ = {isa = PBXFileReference; fileEncoding = 4; lastKnownFileType = sourcecode.swift; path = GrowthTests.swift; sourceTree = "<group>"; };
		9B5BE2661D72E4B3006C5B96 /* FractionTests.swift */ = {isa = PBXFileReference; fileEncoding = 4; lastKnownFileType = sourcecode.swift; path = FractionTests.swift; sourceTree = "<group>"; };
		9B5BE2691D72E4FA006C5B96 /* AdvancedNumericTests.swift */ = {isa = PBXFileReference; fileEncoding = 4; lastKnownFileType = sourcecode.swift; path = AdvancedNumericTests.swift; sourceTree = "<group>"; };
		9B5BE26C1D72F9FD006C5B96 /* LinuxCompatibilityTests.swift */ = {isa = PBXFileReference; fileEncoding = 4; lastKnownFileType = sourcecode.swift; path = LinuxCompatibilityTests.swift; sourceTree = "<group>"; };
		9B71D3EC1D4BF1C6001C5BE9 /* TermTests.swift */ = {isa = PBXFileReference; fileEncoding = 4; lastKnownFileType = sourcecode.swift; path = TermTests.swift; sourceTree = "<group>"; };
		9BC8BBDA1D6F0E1D0010AC02 /* BasicArithmeticTests.swift */ = {isa = PBXFileReference; fileEncoding = 4; lastKnownFileType = sourcecode.swift; path = BasicArithmeticTests.swift; sourceTree = "<group>"; };
		9BD8A6631D705C2F00C2618E /* _Polynomial.swift */ = {isa = PBXFileReference; fileEncoding = 4; lastKnownFileType = sourcecode.swift; name = _Polynomial.swift; path = Sources/_Polynomial.swift; sourceTree = "<group>"; };
		9BD8A6641D705C2F00C2618E /* AdvancedNumeric.swift */ = {isa = PBXFileReference; fileEncoding = 4; lastKnownFileType = sourcecode.swift; name = AdvancedNumeric.swift; path = Sources/AdvancedNumeric.swift; sourceTree = "<group>"; };
		9BD8A6651D705C2F00C2618E /* AdvancedNumericTypeExtensions.swift */ = {isa = PBXFileReference; fileEncoding = 4; lastKnownFileType = sourcecode.swift; name = AdvancedNumericTypeExtensions.swift; path = Sources/AdvancedNumericTypeExtensions.swift; sourceTree = "<group>"; };
		9BD8A6661D705C2F00C2618E /* BasicArithmetic.swift */ = {isa = PBXFileReference; fileEncoding = 4; lastKnownFileType = sourcecode.swift; name = BasicArithmetic.swift; path = Sources/BasicArithmetic.swift; sourceTree = "<group>"; };
		9BD8A6671D705C2F00C2618E /* Complex.swift */ = {isa = PBXFileReference; fileEncoding = 4; lastKnownFileType = sourcecode.swift; name = Complex.swift; path = Sources/Complex.swift; sourceTree = "<group>"; };
		9BD8A6681D705C2F00C2618E /* ConstantFunction.swift */ = {isa = PBXFileReference; fileEncoding = 4; lastKnownFileType = sourcecode.swift; name = ConstantFunction.swift; path = Sources/ConstantFunction.swift; sourceTree = "<group>"; };
		9BD8A6691D705C2F00C2618E /* Constants.swift */ = {isa = PBXFileReference; fileEncoding = 4; lastKnownFileType = sourcecode.swift; name = Constants.swift; path = Sources/Constants.swift; sourceTree = "<group>"; };
		9BD8A66A1D705C2F00C2618E /* CustomFunction.swift */ = {isa = PBXFileReference; fileEncoding = 4; lastKnownFileType = sourcecode.swift; name = CustomFunction.swift; path = Sources/CustomFunction.swift; sourceTree = "<group>"; };
		9BD8A66B1D705C2F00C2618E /* EnhancedNumber.swift */ = {isa = PBXFileReference; fileEncoding = 4; lastKnownFileType = sourcecode.swift; name = EnhancedNumber.swift; path = Sources/EnhancedNumber.swift; sourceTree = "<group>"; };
		9BD8A66C1D705C2F00C2618E /* Equation.swift */ = {isa = PBXFileReference; fileEncoding = 4; lastKnownFileType = sourcecode.swift; name = Equation.swift; path = Sources/Equation.swift; sourceTree = "<group>"; };
		9BD8A66D1D705C2F00C2618E /* ExponentialFunction.swift */ = {isa = PBXFileReference; fileEncoding = 4; lastKnownFileType = sourcecode.swift; name = ExponentialFunction.swift; path = Sources/ExponentialFunction.swift; sourceTree = "<group>"; };
		9BD8A66E1D705C2F00C2618E /* Fraction.swift */ = {isa = PBXFileReference; fileEncoding = 4; lastKnownFileType = sourcecode.swift; name = Fraction.swift; path = Sources/Fraction.swift; sourceTree = "<group>"; };
		9BD8A66F1D705C2F00C2618E /* Function.swift */ = {isa = PBXFileReference; fileEncoding = 4; lastKnownFileType = sourcecode.swift; name = Function.swift; path = Sources/Function.swift; sourceTree = "<group>"; };
		9BD8A6701D705C2F00C2618E /* GroupLike.swift */ = {isa = PBXFileReference; fileEncoding = 4; lastKnownFileType = sourcecode.swift; name = GroupLike.swift; path = Sources/GroupLike.swift; sourceTree = "<group>"; };
		9BD8A6711D705C2F00C2618E /* GroupLikeProtocols.swift */ = {isa = PBXFileReference; fileEncoding = 4; lastKnownFileType = sourcecode.swift; name = GroupLikeProtocols.swift; path = Sources/GroupLikeProtocols.swift; sourceTree = "<group>"; };
		9BD8A6721D705C2F00C2618E /* Growth.swift */ = {isa = PBXFileReference; fileEncoding = 4; lastKnownFileType = sourcecode.swift; name = Growth.swift; path = Sources/Growth.swift; sourceTree = "<group>"; };
		9BD8A6731D705C2F00C2618E /* Info.plist */ = {isa = PBXFileReference; fileEncoding = 4; lastKnownFileType = text.plist.xml; name = Info.plist; path = Sources/Info.plist; sourceTree = "<group>"; };
		9BD8A6741D705C2F00C2618E /* LaTeXConvertible.swift */ = {isa = PBXFileReference; fileEncoding = 4; lastKnownFileType = sourcecode.swift; name = LaTeXConvertible.swift; path = Sources/LaTeXConvertible.swift; sourceTree = "<group>"; };
		9BD8A6751D705C2F00C2618E /* Matrix.swift */ = {isa = PBXFileReference; fileEncoding = 4; lastKnownFileType = sourcecode.swift; name = Matrix.swift; path = Sources/Matrix.swift; sourceTree = "<group>"; };
		9BD8A6761D705C2F00C2618E /* ModuleLike.swift */ = {isa = PBXFileReference; fileEncoding = 4; lastKnownFileType = sourcecode.swift; name = ModuleLike.swift; path = Sources/ModuleLike.swift; sourceTree = "<group>"; };
		9BD8A6771D705C2F00C2618E /* ModuleLikeProtocols.swift */ = {isa = PBXFileReference; fileEncoding = 4; lastKnownFileType = sourcecode.swift; name = ModuleLikeProtocols.swift; path = Sources/ModuleLikeProtocols.swift; sourceTree = "<group>"; };
		9BD8A6781D705C2F00C2618E /* Numbers.swift */ = {isa = PBXFileReference; fileEncoding = 4; lastKnownFileType = sourcecode.swift; name = Numbers.swift; path = Sources/Numbers.swift; sourceTree = "<group>"; };
		9BD8A6791D705C2F00C2618E /* Numeric.swift */ = {isa = PBXFileReference; fileEncoding = 4; lastKnownFileType = sourcecode.swift; name = Numeric.swift; path = Sources/Numeric.swift; sourceTree = "<group>"; };
		9BD8A67A1D705C2F00C2618E /* Polynomial.swift */ = {isa = PBXFileReference; fileEncoding = 4; lastKnownFileType = sourcecode.swift; name = Polynomial.swift; path = Sources/Polynomial.swift; sourceTree = "<group>"; };
		9BD8A67B1D705C2F00C2618E /* PolynomialFields.swift */ = {isa = PBXFileReference; fileEncoding = 4; lastKnownFileType = sourcecode.swift; name = PolynomialFields.swift; path = Sources/PolynomialFields.swift; sourceTree = "<group>"; };
		9BD8A67C1D705C2F00C2618E /* PolynomialFunction.swift */ = {isa = PBXFileReference; fileEncoding = 4; lastKnownFileType = sourcecode.swift; name = PolynomialFunction.swift; path = Sources/PolynomialFunction.swift; sourceTree = "<group>"; };
		9BD8A67D1D705C2F00C2618E /* RationalNumber.swift */ = {isa = PBXFileReference; fileEncoding = 4; lastKnownFileType = sourcecode.swift; name = RationalNumber.swift; path = Sources/RationalNumber.swift; sourceTree = "<group>"; };
		9BD8A67E1D705C2F00C2618E /* RingLike.swift */ = {isa = PBXFileReference; fileEncoding = 4; lastKnownFileType = sourcecode.swift; name = RingLike.swift; path = Sources/RingLike.swift; sourceTree = "<group>"; };
		9BD8A67F1D705C2F00C2618E /* RingLikeProtocols.swift */ = {isa = PBXFileReference; fileEncoding = 4; lastKnownFileType = sourcecode.swift; name = RingLikeProtocols.swift; path = Sources/RingLikeProtocols.swift; sourceTree = "<group>"; };
		9BD8A6801D705C2F00C2618E /* Term.swift */ = {isa = PBXFileReference; fileEncoding = 4; lastKnownFileType = sourcecode.swift; name = Term.swift; path = Sources/Term.swift; sourceTree = "<group>"; };
		9BD8A6811D705C2F00C2618E /* TrigonometricFunctions.swift */ = {isa = PBXFileReference; fileEncoding = 4; lastKnownFileType = sourcecode.swift; name = TrigonometricFunctions.swift; path = Sources/TrigonometricFunctions.swift; sourceTree = "<group>"; };
		9BD8A6A21D705D6500C2618E /* LinuxSupport.swift */ = {isa = PBXFileReference; fileEncoding = 4; lastKnownFileType = sourcecode.swift; name = LinuxSupport.swift; path = Sources/LinuxSupport.swift; sourceTree = "<group>"; };
/* End PBXFileReference section */

/* Begin PBXFrameworksBuildPhase section */
		9B4733BD1D4ACBE00055A7E8 /* Frameworks */ = {
			isa = PBXFrameworksBuildPhase;
			buildActionMask = 2147483647;
			files = (
				9B4733C51D4ACBE00055A7E8 /* Math.framework in Frameworks */,
			);
			runOnlyForDeploymentPostprocessing = 0;
		};
/* End PBXFrameworksBuildPhase section */

/* Begin PBXGroup section */
		9B0960321D4E6ACE00ED8517 /* Numbers */ = {
			isa = PBXGroup;
			children = (
				9B5BE2681D72E4DA006C5B96 /* Protocols */,
				9B47341F1D4AD5360055A7E8 /* EnhancedNumberTests.swift */,
				9B47341D1D4AD51D0055A7E8 /* ComplexTests.swift */,
				9B47341B1D4AD5130055A7E8 /* RationalNumberTests.swift */,
			);
			name = Numbers;
			sourceTree = "<group>";
		};
		9B0960331D4E6AD800ED8517 /* Functions */ = {
			isa = PBXGroup;
			children = (
				9B5BE2661D72E4B3006C5B96 /* FractionTests.swift */,
				9B5BE2641D72E49D006C5B96 /* GrowthTests.swift */,
				9B71D3EC1D4BF1C6001C5BE9 /* TermTests.swift */,
				9B5BE2621D72E47B006C5B96 /* TrigonometricFunctionTests.swift */,
				9B5BE2601D72E466006C5B96 /* CustomFunctionTests.swift */,
				9B5BE25E1D72E450006C5B96 /* ConstantFunctionTests.swift */,
				9B5BE25C1D72E43F006C5B96 /* PolynomialFunctionTests.swift */,
				9B5BE25A1D72E433006C5B96 /* PolynomialTests.swift */,
				9B5BE2581D72E426006C5B96 /* _PolynomialTests.swift */,
				9B5BE2561D72E415006C5B96 /* EquationTests.swift */,
			);
			name = Functions;
			sourceTree = "<group>";
		};
		9B0960341D4E6AE400ED8517 /* Algebra */ = {
			isa = PBXGroup;
			children = (
				9B4734171D4AD4EC0055A7E8 /* GroupTests.swift */,
				9B5BE2541D72E3F9006C5B96 /* ModuleTests.swift */,
				9B5BE2521D72E3F0006C5B96 /* RingTests.swift */,
			);
			name = Algebra;
			sourceTree = "<group>";
		};
		9B0960351D4E6AED00ED8517 /* LinearAlgebra */ = {
			isa = PBXGroup;
			children = (
				9B4734151D4AD4DF0055A7E8 /* MatrixTests.swift */,
			);
			name = LinearAlgebra;
			sourceTree = "<group>";
		};
		9B4733A71D4ACBB80055A7E8 = {
			isa = PBXGroup;
			children = (
				9BD8A6A11D705C3F00C2618E /* Sources */,
				9B4733C11D4ACBE00055A7E8 /* Tests */,
				9B4733B21D4ACBB80055A7E8 /* Products */,
			);
			sourceTree = "<group>";
		};
		9B4733B21D4ACBB80055A7E8 /* Products */ = {
			isa = PBXGroup;
			children = (
				9B4733B11D4ACBB80055A7E8 /* Math.framework */,
				9B4733C01D4ACBE00055A7E8 /* MathTests.xctest */,
			);
			name = Products;
			sourceTree = "<group>";
		};
		9B4733C11D4ACBE00055A7E8 /* Tests */ = {
			isa = PBXGroup;
			children = (
				9B09603C1D4EB14900ED8517 /* DataTypeTest.swift */,
				9B5BE26C1D72F9FD006C5B96 /* LinuxCompatibilityTests.swift */,
				9B5BE24E1D72E36C006C5B96 /* General */,
				9B0960341D4E6AE400ED8517 /* Algebra */,
				9B0960331D4E6AD800ED8517 /* Functions */,
				9B0960351D4E6AED00ED8517 /* LinearAlgebra */,
				9B0960321D4E6ACE00ED8517 /* Numbers */,
				9B5BE2511D72E390006C5B96 /* TeX */,
				9B4733C41D4ACBE00055A7E8 /* Info.plist */,
			);
			name = Tests;
			path = MathTests;
			sourceTree = "<group>";
		};
		9B5BE2471D72E2C7006C5B96 /* Numbers */ = {
			isa = PBXGroup;
			children = (
				9BD8A6781D705C2F00C2618E /* Numbers.swift */,
				9B5BE24B1D72E31B006C5B96 /* Protocols */,
				9BD8A6671D705C2F00C2618E /* Complex.swift */,
				9BD8A66B1D705C2F00C2618E /* EnhancedNumber.swift */,
				9BD8A67D1D705C2F00C2618E /* RationalNumber.swift */,
			);
			name = Numbers;
			sourceTree = "<group>";
		};
		9B5BE2481D72E2E2006C5B96 /* Functions */ = {
			isa = PBXGroup;
			children = (
				9B5BE26B1D72E522006C5B96 /* Polynomials */,
				9BD8A6681D705C2F00C2618E /* ConstantFunction.swift */,
				9BD8A66A1D705C2F00C2618E /* CustomFunction.swift */,
				9BD8A66C1D705C2F00C2618E /* Equation.swift */,
				9BD8A66D1D705C2F00C2618E /* ExponentialFunction.swift */,
				9BD8A66E1D705C2F00C2618E /* Fraction.swift */,
				9BD8A66F1D705C2F00C2618E /* Function.swift */,
				9BD8A6721D705C2F00C2618E /* Growth.swift */,
				9BD8A6801D705C2F00C2618E /* Term.swift */,
				9BD8A6811D705C2F00C2618E /* TrigonometricFunctions.swift */,
			);
			name = Functions;
			sourceTree = "<group>";
		};
		9B5BE2491D72E2F7006C5B96 /* Algebra */ = {
			isa = PBXGroup;
			children = (
				9BD8A6701D705C2F00C2618E /* GroupLike.swift */,
				9BD8A6711D705C2F00C2618E /* GroupLikeProtocols.swift */,
				9BD8A6761D705C2F00C2618E /* ModuleLike.swift */,
				9BD8A6771D705C2F00C2618E /* ModuleLikeProtocols.swift */,
				9BD8A67E1D705C2F00C2618E /* RingLike.swift */,
				9BD8A67F1D705C2F00C2618E /* RingLikeProtocols.swift */,
			);
			name = Algebra;
			sourceTree = "<group>";
		};
		9B5BE24A1D72E300006C5B96 /* Linear Algebra */ = {
			isa = PBXGroup;
			children = (
				9BD8A6751D705C2F00C2618E /* Matrix.swift */,
			);
			name = "Linear Algebra";
			sourceTree = "<group>";
		};
		9B5BE24B1D72E31B006C5B96 /* Protocols */ = {
			isa = PBXGroup;
			children = (
				9BD8A6641D705C2F00C2618E /* AdvancedNumeric.swift */,
				9BD8A6651D705C2F00C2618E /* AdvancedNumericTypeExtensions.swift */,
				9BD8A6661D705C2F00C2618E /* BasicArithmetic.swift */,
				9BD8A6791D705C2F00C2618E /* Numeric.swift */,
			);
			name = Protocols;
			sourceTree = "<group>";
		};
		9B5BE24C1D72E34A006C5B96 /* TeX */ = {
			isa = PBXGroup;
			children = (
				9BD8A6741D705C2F00C2618E /* LaTeXConvertible.swift */,
			);
			name = TeX;
			sourceTree = "<group>";
		};
		9B5BE24D1D72E35D006C5B96 /* General */ = {
			isa = PBXGroup;
			children = (
				9BD8A6691D705C2F00C2618E /* Constants.swift */,
			);
			name = General;
			sourceTree = "<group>";
		};
		9B5BE24E1D72E36C006C5B96 /* General */ = {
			isa = PBXGroup;
			children = (
				9B4734131D4AD34D0055A7E8 /* ConstantsTest.swift */,
			);
			name = General;
			sourceTree = "<group>";
		};
		9B5BE2511D72E390006C5B96 /* TeX */ = {
			isa = PBXGroup;
			children = (
				9B5BE24F1D72E386006C5B96 /* TeXTests.swift */,
			);
			name = TeX;
			sourceTree = "<group>";
		};
		9B5BE2681D72E4DA006C5B96 /* Protocols */ = {
			isa = PBXGroup;
			children = (
				9B5BE2691D72E4FA006C5B96 /* AdvancedNumericTests.swift */,
				9BC8BBDA1D6F0E1D0010AC02 /* BasicArithmeticTests.swift */,
				9B4734191D4AD50A0055A7E8 /* NumericTests.swift */,
			);
			name = Protocols;
			sourceTree = "<group>";
		};
		9B5BE26B1D72E522006C5B96 /* Polynomials */ = {
			isa = PBXGroup;
			children = (
				9BD8A67A1D705C2F00C2618E /* Polynomial.swift */,
				9BD8A67B1D705C2F00C2618E /* PolynomialFields.swift */,
				9BD8A67C1D705C2F00C2618E /* PolynomialFunction.swift */,
				9BD8A6631D705C2F00C2618E /* _Polynomial.swift */,
			);
			name = Polynomials;
			sourceTree = "<group>";
		};
		9BD8A6A11D705C3F00C2618E /* Sources */ = {
			isa = PBXGroup;
			children = (
				9BD8A6A21D705D6500C2618E /* LinuxSupport.swift */,
				9B5BE24D1D72E35D006C5B96 /* General */,
				9B5BE2491D72E2F7006C5B96 /* Algebra */,
				9B5BE2481D72E2E2006C5B96 /* Functions */,
				9B5BE24A1D72E300006C5B96 /* Linear Algebra */,
				9B5BE2471D72E2C7006C5B96 /* Numbers */,
				9B5BE24C1D72E34A006C5B96 /* TeX */,
				9BD8A6731D705C2F00C2618E /* Info.plist */,
			);
			name = Sources;
			sourceTree = "<group>";
		};
/* End PBXGroup section */

/* Begin PBXNativeTarget section */
		9B4733B01D4ACBB80055A7E8 /* Math */ = {
			isa = PBXNativeTarget;
			buildConfigurationList = 9B4733B91D4ACBB80055A7E8 /* Build configuration list for PBXNativeTarget "Math" */;
			buildPhases = (
				9B4733AC1D4ACBB80055A7E8 /* Sources */,
			);
			buildRules = (
			);
			dependencies = (
			);
			name = Math;
			productName = Math;
			productReference = 9B4733B11D4ACBB80055A7E8 /* Math.framework */;
			productType = "com.apple.product-type.framework";
		};
		9B4733BF1D4ACBE00055A7E8 /* MathTests */ = {
			isa = PBXNativeTarget;
			buildConfigurationList = 9B4733C81D4ACBE00055A7E8 /* Build configuration list for PBXNativeTarget "MathTests" */;
			buildPhases = (
				9B4733BC1D4ACBE00055A7E8 /* Sources */,
				9B4733BD1D4ACBE00055A7E8 /* Frameworks */,
			);
			buildRules = (
			);
			dependencies = (
				9B4733C71D4ACBE00055A7E8 /* PBXTargetDependency */,
			);
			name = MathTests;
			productName = MathTests;
			productReference = 9B4733C01D4ACBE00055A7E8 /* MathTests.xctest */;
			productType = "com.apple.product-type.bundle.unit-test";
		};
/* End PBXNativeTarget section */

/* Begin PBXProject section */
		9B4733A81D4ACBB80055A7E8 /* Project object */ = {
			isa = PBXProject;
			attributes = {
				LastSwiftUpdateCheck = 0800;
				LastUpgradeCheck = 0800;
				ORGANIZATIONNAME = pauljohanneskraft;
				TargetAttributes = {
					9B4733B01D4ACBB80055A7E8 = {
						CreatedOnToolsVersion = 8.0;
						DevelopmentTeam = TJSHMGE2VX;
						DevelopmentTeamName = "Paul Kraft (Personal Team)";
						LastSwiftMigration = 0800;
						ProvisioningStyle = Automatic;
					};
					9B4733BF1D4ACBE00055A7E8 = {
						CreatedOnToolsVersion = 8.0;
						DevelopmentTeam = TJSHMGE2VX;
						DevelopmentTeamName = "Paul Kraft (Personal Team)";
						ProvisioningStyle = Automatic;
					};
				};
			};
			buildConfigurationList = 9B4733AB1D4ACBB80055A7E8 /* Build configuration list for PBXProject "Math" */;
			compatibilityVersion = "Xcode 3.2";
			developmentRegion = English;
			hasScannedForEncodings = 0;
			knownRegions = (
				en,
			);
			mainGroup = 9B4733A71D4ACBB80055A7E8;
			productRefGroup = 9B4733B21D4ACBB80055A7E8 /* Products */;
			projectDirPath = "";
			projectRoot = "";
			targets = (
				9B4733B01D4ACBB80055A7E8 /* Math */,
				9B4733BF1D4ACBE00055A7E8 /* MathTests */,
			);
		};
/* End PBXProject section */

/* Begin PBXSourcesBuildPhase section */
		9B4733AC1D4ACBB80055A7E8 /* Sources */ = {
			isa = PBXSourcesBuildPhase;
			buildActionMask = 2147483647;
			files = (
				9BD8A69A1D705C2F00C2618E /* PolynomialFields.swift in Sources */,
				9BD8A6891D705C2F00C2618E /* CustomFunction.swift in Sources */,
				9BD8A68D1D705C2F00C2618E /* Fraction.swift in Sources */,
				9BD8A6861D705C2F00C2618E /* Complex.swift in Sources */,
				9BD8A69F1D705C2F00C2618E /* Term.swift in Sources */,
				9BD8A6851D705C2F00C2618E /* BasicArithmetic.swift in Sources */,
				9BD8A68B1D705C2F00C2618E /* Equation.swift in Sources */,
				9BD8A6A31D705D6500C2618E /* LinuxSupport.swift in Sources */,
				9BD8A69C1D705C2F00C2618E /* RationalNumber.swift in Sources */,
				9BD8A6821D705C2F00C2618E /* _Polynomial.swift in Sources */,
				9BD8A69E1D705C2F00C2618E /* RingLikeProtocols.swift in Sources */,
				9BD8A6951D705C2F00C2618E /* ModuleLike.swift in Sources */,
				9BD8A6911D705C2F00C2618E /* Growth.swift in Sources */,
				9BD8A68C1D705C2F00C2618E /* ExponentialFunction.swift in Sources */,
				9BD8A69B1D705C2F00C2618E /* PolynomialFunction.swift in Sources */,
				9BD8A6981D705C2F00C2618E /* Numeric.swift in Sources */,
				9BD8A6841D705C2F00C2618E /* AdvancedNumericTypeExtensions.swift in Sources */,
				9BD8A6831D705C2F00C2618E /* AdvancedNumeric.swift in Sources */,
				9BD8A69D1D705C2F00C2618E /* RingLike.swift in Sources */,
				9BD8A6991D705C2F00C2618E /* Polynomial.swift in Sources */,
				9BD8A6901D705C2F00C2618E /* GroupLikeProtocols.swift in Sources */,
				9BD8A68F1D705C2F00C2618E /* GroupLike.swift in Sources */,
				9BD8A6931D705C2F00C2618E /* LaTeXConvertible.swift in Sources */,
				9BD8A6871D705C2F00C2618E /* ConstantFunction.swift in Sources */,
				9BD8A6971D705C2F00C2618E /* Numbers.swift in Sources */,
				9BD8A6881D705C2F00C2618E /* Constants.swift in Sources */,
				9BD8A6A01D705C2F00C2618E /* TrigonometricFunctions.swift in Sources */,
				9BD8A6941D705C2F00C2618E /* Matrix.swift in Sources */,
				9BD8A68E1D705C2F00C2618E /* Function.swift in Sources */,
				9BD8A6961D705C2F00C2618E /* ModuleLikeProtocols.swift in Sources */,
				9BD8A68A1D705C2F00C2618E /* EnhancedNumber.swift in Sources */,
			);
			runOnlyForDeploymentPostprocessing = 0;
		};
		9B4733BC1D4ACBE00055A7E8 /* Sources */ = {
			isa = PBXSourcesBuildPhase;
			buildActionMask = 2147483647;
			files = (
				9B4734161D4AD4DF0055A7E8 /* MatrixTests.swift in Sources */,
				9B5BE2571D72E415006C5B96 /* EquationTests.swift in Sources */,
				9B5BE26A1D72E4FA006C5B96 /* AdvancedNumericTests.swift in Sources */,
				9B47341E1D4AD51D0055A7E8 /* ComplexTests.swift in Sources */,
				9B5BE25D1D72E43F006C5B96 /* PolynomialFunctionTests.swift in Sources */,
				9B5BE26D1D72F9FD006C5B96 /* LinuxCompatibilityTests.swift in Sources */,
				9B71D3ED1D4BF1C6001C5BE9 /* TermTests.swift in Sources */,
				9B5BE25F1D72E450006C5B96 /* ConstantFunctionTests.swift in Sources */,
				9B47341A1D4AD50A0055A7E8 /* NumericTests.swift in Sources */,
				9BC8BBDB1D6F0E1D0010AC02 /* BasicArithmeticTests.swift in Sources */,
				9B5BE2631D72E47B006C5B96 /* TrigonometricFunctionTests.swift in Sources */,
				9B5BE2531D72E3F0006C5B96 /* RingTests.swift in Sources */,
				9B5BE25B1D72E433006C5B96 /* PolynomialTests.swift in Sources */,
				9B09603D1D4EB14900ED8517 /* DataTypeTest.swift in Sources */,
				9B5BE2551D72E3F9006C5B96 /* ModuleTests.swift in Sources */,
				9B4734141D4AD34D0055A7E8 /* ConstantsTest.swift in Sources */,
				9B47341C1D4AD5130055A7E8 /* RationalNumberTests.swift in Sources */,
				9B5BE2611D72E466006C5B96 /* CustomFunctionTests.swift in Sources */,
				9B4734201D4AD5360055A7E8 /* EnhancedNumberTests.swift in Sources */,
				9B5BE2671D72E4B3006C5B96 /* FractionTests.swift in Sources */,
				9B5BE2591D72E426006C5B96 /* _PolynomialTests.swift in Sources */,
				9B5BE2501D72E386006C5B96 /* TeXTests.swift in Sources */,
				9B4734181D4AD4EC0055A7E8 /* GroupTests.swift in Sources */,
				9B5BE2651D72E49D006C5B96 /* GrowthTests.swift in Sources */,
			);
			runOnlyForDeploymentPostprocessing = 0;
		};
/* End PBXSourcesBuildPhase section */

/* Begin PBXTargetDependency section */
		9B4733C71D4ACBE00055A7E8 /* PBXTargetDependency */ = {
			isa = PBXTargetDependency;
			target = 9B4733B01D4ACBB80055A7E8 /* Math */;
			targetProxy = 9B4733C61D4ACBE00055A7E8 /* PBXContainerItemProxy */;
		};
/* End PBXTargetDependency section */

/* Begin XCBuildConfiguration section */
		9B4733B71D4ACBB80055A7E8 /* Debug */ = {
			isa = XCBuildConfiguration;
			buildSettings = {
				ALWAYS_SEARCH_USER_PATHS = YES;
				CLANG_ANALYZER_NONNULL = YES_NONAGGRESSIVE;
				CLANG_CXX_LANGUAGE_STANDARD = "compiler-default";
				CLANG_CXX_LIBRARY = "compiler-default";
				CLANG_ENABLE_MODULES = NO;
				CLANG_ENABLE_OBJC_ARC = NO;
				CLANG_WARN_BOOL_CONVERSION = NO;
				CLANG_WARN_CONSTANT_CONVERSION = NO;
				CLANG_WARN_DIRECT_OBJC_ISA_USAGE = YES;
				CLANG_WARN_DOCUMENTATION_COMMENTS = NO;
				CLANG_WARN_EMPTY_BODY = NO;
				CLANG_WARN_ENUM_CONVERSION = NO;
				CLANG_WARN_INT_CONVERSION = NO;
				CLANG_WARN_OBJC_ROOT_CLASS = YES;
				CLANG_WARN_UNREACHABLE_CODE = NO;
				CLANG_WARN__DUPLICATE_METHOD_MATCH = NO;
				CODE_SIGN_IDENTITY = "-";
				COPY_PHASE_STRIP = YES;
				CURRENT_PROJECT_VERSION = 1;
				DEBUG_INFORMATION_FORMAT = dwarf;
				ENABLE_STRICT_OBJC_MSGSEND = NO;
				ENABLE_TESTABILITY = NO;
				GCC_C_LANGUAGE_STANDARD = "compiler-default";
				GCC_DYNAMIC_NO_PIC = NO;
				GCC_GENERATE_TEST_COVERAGE_FILES = YES;
				GCC_INSTRUMENT_PROGRAM_FLOW_ARCS = YES;
				GCC_NO_COMMON_BLOCKS = NO;
				GCC_OPTIMIZATION_LEVEL = 0;
				GCC_PREPROCESSOR_DEFINITIONS = (
					"DEBUG=1",
					"$(inherited)",
				);
				GCC_WARN_64_TO_32_BIT_CONVERSION = NO;
				GCC_WARN_ABOUT_RETURN_TYPE = NO;
				GCC_WARN_UNDECLARED_SELECTOR = NO;
				GCC_WARN_UNINITIALIZED_AUTOS = NO;
				GCC_WARN_UNUSED_FUNCTION = NO;
				GCC_WARN_UNUSED_VARIABLE = NO;
				IPHONEOS_DEPLOYMENT_TARGET = 8.0;
				MACOSX_DEPLOYMENT_TARGET = 10.12;
				MTL_ENABLE_DEBUG_INFO = YES;
				ONLY_ACTIVE_ARCH = NO;
				SDKROOT = macosx;
				SWIFT_ACTIVE_COMPILATION_CONDITIONS = DEBUG;
				SWIFT_OPTIMIZATION_LEVEL = "-Onone";
				TVOS_DEPLOYMENT_TARGET = 9.0;
				VERSIONING_SYSTEM = "apple-generic";
				VERSION_INFO_PREFIX = "";
				WATCHOS_DEPLOYMENT_TARGET = 2.0;
			};
			name = Debug;
		};
		9B4733B81D4ACBB80055A7E8 /* Release */ = {
			isa = XCBuildConfiguration;
			buildSettings = {
				ALWAYS_SEARCH_USER_PATHS = YES;
				CLANG_ANALYZER_NONNULL = YES_NONAGGRESSIVE;
				CLANG_CXX_LANGUAGE_STANDARD = "compiler-default";
				CLANG_CXX_LIBRARY = "compiler-default";
				CLANG_ENABLE_MODULES = NO;
				CLANG_ENABLE_OBJC_ARC = NO;
				CLANG_WARN_BOOL_CONVERSION = NO;
				CLANG_WARN_CONSTANT_CONVERSION = NO;
				CLANG_WARN_DIRECT_OBJC_ISA_USAGE = YES;
				CLANG_WARN_DOCUMENTATION_COMMENTS = NO;
				CLANG_WARN_EMPTY_BODY = NO;
				CLANG_WARN_ENUM_CONVERSION = NO;
				CLANG_WARN_INT_CONVERSION = NO;
				CLANG_WARN_OBJC_ROOT_CLASS = YES;
				CLANG_WARN_UNREACHABLE_CODE = NO;
				CLANG_WARN__DUPLICATE_METHOD_MATCH = NO;
				CODE_SIGN_IDENTITY = "-";
				COPY_PHASE_STRIP = YES;
				CURRENT_PROJECT_VERSION = 1;
				DEBUG_INFORMATION_FORMAT = "dwarf-with-dsym";
				ENABLE_NS_ASSERTIONS = YES;
				ENABLE_STRICT_OBJC_MSGSEND = NO;
				GCC_C_LANGUAGE_STANDARD = "compiler-default";
				GCC_GENERATE_TEST_COVERAGE_FILES = YES;
				GCC_INSTRUMENT_PROGRAM_FLOW_ARCS = YES;
				GCC_NO_COMMON_BLOCKS = NO;
				GCC_OPTIMIZATION_LEVEL = s;
				GCC_WARN_64_TO_32_BIT_CONVERSION = NO;
				GCC_WARN_ABOUT_RETURN_TYPE = NO;
				GCC_WARN_UNDECLARED_SELECTOR = NO;
				GCC_WARN_UNINITIALIZED_AUTOS = NO;
				GCC_WARN_UNUSED_FUNCTION = NO;
				GCC_WARN_UNUSED_VARIABLE = NO;
				IPHONEOS_DEPLOYMENT_TARGET = 8.0;
				MACOSX_DEPLOYMENT_TARGET = 10.12;
				MTL_ENABLE_DEBUG_INFO = NO;
				SDKROOT = macosx;
				SWIFT_OPTIMIZATION_LEVEL = "-Owholemodule";
				TVOS_DEPLOYMENT_TARGET = 9.0;
				VERSIONING_SYSTEM = "apple-generic";
				VERSION_INFO_PREFIX = "";
				WATCHOS_DEPLOYMENT_TARGET = 2.0;
			};
			name = Release;
		};
		9B4733BA1D4ACBB80055A7E8 /* Debug */ = {
			isa = XCBuildConfiguration;
			buildSettings = {
				ALWAYS_SEARCH_USER_PATHS = NO;
				CLANG_ENABLE_MODULES = YES;
				COMBINE_HIDPI_IMAGES = YES;
				DEFINES_MODULE = YES;
				DYLIB_COMPATIBILITY_VERSION = 1;
				DYLIB_CURRENT_VERSION = 1;
				DYLIB_INSTALL_NAME_BASE = "@rpath";
				FRAMEWORK_VERSION = A;
				INFOPLIST_FILE = Sources/Info.plist;
				INSTALL_PATH = "$(LOCAL_LIBRARY_DIR)/Frameworks";
				IPHONEOS_DEPLOYMENT_TARGET = 8.0;
				LD_RUNPATH_SEARCH_PATHS = "$(inherited) @executable_path/../Frameworks @loader_path/Frameworks";
				MACOSX_DEPLOYMENT_TARGET = 10.9;
				PRODUCT_BUNDLE_IDENTIFIER = Kraft.Math;
				PRODUCT_NAME = "$(TARGET_NAME)";
				SKIP_INSTALL = YES;
				SWIFT_OPTIMIZATION_LEVEL = "-Onone";
				SWIFT_VERSION = 3.0;
				TVOS_DEPLOYMENT_TARGET = 9.0;
				WATCHOS_DEPLOYMENT_TARGET = 2.0;
			};
			name = Debug;
		};
		9B4733BB1D4ACBB80055A7E8 /* Release */ = {
			isa = XCBuildConfiguration;
			buildSettings = {
				ALWAYS_SEARCH_USER_PATHS = NO;
				CLANG_ENABLE_MODULES = YES;
				COMBINE_HIDPI_IMAGES = YES;
				DEFINES_MODULE = YES;
				DYLIB_COMPATIBILITY_VERSION = 1;
				DYLIB_CURRENT_VERSION = 1;
				DYLIB_INSTALL_NAME_BASE = "@rpath";
				FRAMEWORK_VERSION = A;
				INFOPLIST_FILE = Sources/Info.plist;
				INSTALL_PATH = "$(LOCAL_LIBRARY_DIR)/Frameworks";
				IPHONEOS_DEPLOYMENT_TARGET = 8.0;
				LD_RUNPATH_SEARCH_PATHS = "$(inherited) @executable_path/../Frameworks @loader_path/Frameworks";
				MACOSX_DEPLOYMENT_TARGET = 10.9;
				PRODUCT_BUNDLE_IDENTIFIER = Kraft.Math;
				PRODUCT_NAME = "$(TARGET_NAME)";
				SKIP_INSTALL = YES;
				SWIFT_VERSION = 3.0;
				TVOS_DEPLOYMENT_TARGET = 9.0;
				WATCHOS_DEPLOYMENT_TARGET = 2.0;
			};
			name = Release;
		};
		9B4733C91D4ACBE00055A7E8 /* Debug */ = {
			isa = XCBuildConfiguration;
			buildSettings = {
				COMBINE_HIDPI_IMAGES = YES;
				INFOPLIST_FILE = MathTests/Info.plist;
				LD_RUNPATH_SEARCH_PATHS = "$(inherited) @executable_path/../Frameworks @loader_path/../Frameworks";
				PRODUCT_BUNDLE_IDENTIFIER = Kraft.MathTests;
				PRODUCT_NAME = "$(TARGET_NAME)";
				SWIFT_VERSION = 3.0;
			};
			name = Debug;
		};
		9B4733CA1D4ACBE00055A7E8 /* Release */ = {
			isa = XCBuildConfiguration;
			buildSettings = {
				COMBINE_HIDPI_IMAGES = YES;
				INFOPLIST_FILE = MathTests/Info.plist;
				LD_RUNPATH_SEARCH_PATHS = "$(inherited) @executable_path/../Frameworks @loader_path/../Frameworks";
				PRODUCT_BUNDLE_IDENTIFIER = Kraft.MathTests;
				PRODUCT_NAME = "$(TARGET_NAME)";
				SWIFT_VERSION = 3.0;
			};
			name = Release;
		};
/* End XCBuildConfiguration section */

/* Begin XCConfigurationList section */
		9B4733AB1D4ACBB80055A7E8 /* Build configuration list for PBXProject "Math" */ = {
			isa = XCConfigurationList;
			buildConfigurations = (
				9B4733B71D4ACBB80055A7E8 /* Debug */,
				9B4733B81D4ACBB80055A7E8 /* Release */,
			);
			defaultConfigurationIsVisible = 0;
			defaultConfigurationName = Release;
		};
		9B4733B91D4ACBB80055A7E8 /* Build configuration list for PBXNativeTarget "Math" */ = {
			isa = XCConfigurationList;
			buildConfigurations = (
				9B4733BA1D4ACBB80055A7E8 /* Debug */,
				9B4733BB1D4ACBB80055A7E8 /* Release */,
			);
			defaultConfigurationIsVisible = 0;
			defaultConfigurationName = Release;
		};
		9B4733C81D4ACBE00055A7E8 /* Build configuration list for PBXNativeTarget "MathTests" */ = {
			isa = XCConfigurationList;
			buildConfigurations = (
				9B4733C91D4ACBE00055A7E8 /* Debug */,
				9B4733CA1D4ACBE00055A7E8 /* Release */,
			);
			defaultConfigurationIsVisible = 0;
			defaultConfigurationName = Release;
		};
/* End XCConfigurationList section */
	};
	rootObject = 9B4733A81D4ACBB80055A7E8 /* Project object */;
}
